// !$*UTF8*$!
{
	archiveVersion = 1;
	classes = {
	};
	objectVersion = 55;
	objects = {

/* Begin PBXBuildFile section */
		5007737A278DFAA5000A6FD1 /* PetCardViewController.swift in Sources */ = {isa = PBXBuildFile; fileRef = 50077379278DFAA5000A6FD1 /* PetCardViewController.swift */; };
		500B7B5B277B6C5300F4736B /* PetInfo.swift in Sources */ = {isa = PBXBuildFile; fileRef = 500B7B5A277B6C5300F4736B /* PetInfo.swift */; };
		500B7B5D277D0A4A00F4736B /* AuthView.swift in Sources */ = {isa = PBXBuildFile; fileRef = 500B7B5C277D0A4A00F4736B /* AuthView.swift */; };
		500B7B60277D16F300F4736B /* UserView.swift in Sources */ = {isa = PBXBuildFile; fileRef = 500B7B5F277D16F300F4736B /* UserView.swift */; };
		500C4B81279EF5CE0011D4FA /* PostTableViewCell.swift in Sources */ = {isa = PBXBuildFile; fileRef = 500C4B7F279EF5CE0011D4FA /* PostTableViewCell.swift */; };
		500C4B82279EF5CE0011D4FA /* PostTableViewCell.xib in Resources */ = {isa = PBXBuildFile; fileRef = 500C4B80279EF5CE0011D4FA /* PostTableViewCell.xib */; };
		500C4B84279F2ADC0011D4FA /* AlertBuilder.swift in Sources */ = {isa = PBXBuildFile; fileRef = 500C4B83279F2ADC0011D4FA /* AlertBuilder.swift */; };
		502799992792E3D50052FB99 /* Animations.swift in Sources */ = {isa = PBXBuildFile; fileRef = 502799982792E3D50052FB99 /* Animations.swift */; };
		5054B8022771F47400929B51 /* UserViewController.swift in Sources */ = {isa = PBXBuildFile; fileRef = 5054B8012771F47400929B51 /* UserViewController.swift */; };
		5054B80427722FC300929B51 /* SignInViewController.swift in Sources */ = {isa = PBXBuildFile; fileRef = 5054B80327722FC300929B51 /* SignInViewController.swift */; };
		5054B80627722FCD00929B51 /* SignUpViewController.swift in Sources */ = {isa = PBXBuildFile; fileRef = 5054B80527722FCD00929B51 /* SignUpViewController.swift */; };
		5054B80827722FF200929B51 /* PasswordRestoreViewController.swift in Sources */ = {isa = PBXBuildFile; fileRef = 5054B80727722FF200929B51 /* PasswordRestoreViewController.swift */; };
		5063A2F227988E7A00EC65C0 /* FirebaseAnalytics in Frameworks */ = {isa = PBXBuildFile; productRef = 5063A2F127988E7A00EC65C0 /* FirebaseAnalytics */; };
		5063A2F427988E7A00EC65C0 /* FirebaseAuth in Frameworks */ = {isa = PBXBuildFile; productRef = 5063A2F327988E7A00EC65C0 /* FirebaseAuth */; };
		5063A2F627988E7A00EC65C0 /* FirebaseFirestore in Frameworks */ = {isa = PBXBuildFile; productRef = 5063A2F527988E7A00EC65C0 /* FirebaseFirestore */; };
		5063A2F827988E7A00EC65C0 /* FirebaseStorage in Frameworks */ = {isa = PBXBuildFile; productRef = 5063A2F727988E7A00EC65C0 /* FirebaseStorage */; };
		5063A2FB279890C000EC65C0 /* IQKeyboardManagerSwift in Frameworks */ = {isa = PBXBuildFile; productRef = 5063A2FA279890C000EC65C0 /* IQKeyboardManagerSwift */; };
		5067D867276B989300BDFD32 /* GoogleService-Info.plist in Resources */ = {isa = PBXBuildFile; fileRef = 5067D866276B989300BDFD32 /* GoogleService-Info.plist */; };
		5067D868276B989300BDFD32 /* GoogleService-Info.plist in Resources */ = {isa = PBXBuildFile; fileRef = 5067D866276B989300BDFD32 /* GoogleService-Info.plist */; };
		5067D869276B989300BDFD32 /* GoogleService-Info.plist in Resources */ = {isa = PBXBuildFile; fileRef = 5067D866276B989300BDFD32 /* GoogleService-Info.plist */; };
		5084126927A2D016000154DC /* MainBoardHeaderView.swift in Sources */ = {isa = PBXBuildFile; fileRef = 5084126827A2D016000154DC /* MainBoardHeaderView.swift */; };
		5084126C27A2D063000154DC /* MainBoardFooterView.swift in Sources */ = {isa = PBXBuildFile; fileRef = 5084126B27A2D063000154DC /* MainBoardFooterView.swift */; };
		50AE0BE22770A44C002060EE /* NewPostPetDescriptionViewController.swift in Sources */ = {isa = PBXBuildFile; fileRef = 50AE0BE12770A44C002060EE /* NewPostPetDescriptionViewController.swift */; };
		50AE0BE62770A9B5002060EE /* Pet.swift in Sources */ = {isa = PBXBuildFile; fileRef = 50AE0BE52770A9B5002060EE /* Pet.swift */; };
		50BE8E61276CCC160099DBC7 /* CityRequestManager.swift in Sources */ = {isa = PBXBuildFile; fileRef = 50BE8E60276CCC160099DBC7 /* CityRequestManager.swift */; };
		50BE8E63276CD2760099DBC7 /* CityPickerViewController.swift in Sources */ = {isa = PBXBuildFile; fileRef = 50BE8E62276CD2760099DBC7 /* CityPickerViewController.swift */; };
		50BE8E65276CD76E0099DBC7 /* City.swift in Sources */ = {isa = PBXBuildFile; fileRef = 50BE8E64276CD76E0099DBC7 /* City.swift */; };
		50CC60332775D20900DF1B87 /* CollectionFlowLayout.swift in Sources */ = {isa = PBXBuildFile; fileRef = 50CC60322775D20900DF1B87 /* CollectionFlowLayout.swift */; };
		50FCA6FA2783266300ED6107 /* Database.swift in Sources */ = {isa = PBXBuildFile; fileRef = 50FCA6F92783266300ED6107 /* Database.swift */; };
		D2195EEF2769F1690082E63D /* NewPostPetTableViewController.swift in Sources */ = {isa = PBXBuildFile; fileRef = D2195EEE2769F1690082E63D /* NewPostPetTableViewController.swift */; };
		D237CCEC2754E3FB00022511 /* AppDelegate.swift in Sources */ = {isa = PBXBuildFile; fileRef = D237CCEB2754E3FB00022511 /* AppDelegate.swift */; };
		D237CCEE2754E3FB00022511 /* SceneDelegate.swift in Sources */ = {isa = PBXBuildFile; fileRef = D237CCED2754E3FB00022511 /* SceneDelegate.swift */; };
		D237CCF52754E3FC00022511 /* Assets.xcassets in Resources */ = {isa = PBXBuildFile; fileRef = D237CCF42754E3FC00022511 /* Assets.xcassets */; };
		D237CCF82754E3FC00022511 /* LaunchScreen.storyboard in Resources */ = {isa = PBXBuildFile; fileRef = D237CCF62754E3FC00022511 /* LaunchScreen.storyboard */; };
		D237CD032754E3FC00022511 /* PetDonorTests.swift in Sources */ = {isa = PBXBuildFile; fileRef = D237CD022754E3FC00022511 /* PetDonorTests.swift */; };
		D237CD0D2754E3FD00022511 /* PetDonorUITests.swift in Sources */ = {isa = PBXBuildFile; fileRef = D237CD0C2754E3FD00022511 /* PetDonorUITests.swift */; };
		D237CD0F2754E3FD00022511 /* PetDonorUITestsLaunchTests.swift in Sources */ = {isa = PBXBuildFile; fileRef = D237CD0E2754E3FD00022511 /* PetDonorUITestsLaunchTests.swift */; };
		D237CD2F275A02DE00022511 /* BoardTextOnlyTableViewCell.swift in Sources */ = {isa = PBXBuildFile; fileRef = D237CD2D275A02DE00022511 /* BoardTextOnlyTableViewCell.swift */; };
		D237CD30275A02DE00022511 /* BoardTextOnlyTableViewCell.xib in Resources */ = {isa = PBXBuildFile; fileRef = D237CD2E275A02DE00022511 /* BoardTextOnlyTableViewCell.xib */; };
		D237CD432763775600022511 /* Main.storyboard in Resources */ = {isa = PBXBuildFile; fileRef = D237CD422763775600022511 /* Main.storyboard */; };
		D237CD462763907400022511 /* MainBoardViewController.swift in Sources */ = {isa = PBXBuildFile; fileRef = D237CD452763907400022511 /* MainBoardViewController.swift */; };
		D237CD482763C0A600022511 /* MainBoardFiltersViewController.swift in Sources */ = {isa = PBXBuildFile; fileRef = D237CD472763C0A600022511 /* MainBoardFiltersViewController.swift */; };
		D237CD4B2763C4A800022511 /* SettingsCityTableViewCell.swift in Sources */ = {isa = PBXBuildFile; fileRef = D237CD492763C4A800022511 /* SettingsCityTableViewCell.swift */; };
		D237CD4E2763C9B700022511 /* SettingsCityTableViewCell.xib in Resources */ = {isa = PBXBuildFile; fileRef = D237CD4D2763C9B700022511 /* SettingsCityTableViewCell.xib */; };
/* End PBXBuildFile section */

/* Begin PBXContainerItemProxy section */
		D237CCFF2754E3FC00022511 /* PBXContainerItemProxy */ = {
			isa = PBXContainerItemProxy;
			containerPortal = D237CCE02754E3FB00022511 /* Project object */;
			proxyType = 1;
			remoteGlobalIDString = D237CCE72754E3FB00022511;
			remoteInfo = PetDonor;
		};
		D237CD092754E3FD00022511 /* PBXContainerItemProxy */ = {
			isa = PBXContainerItemProxy;
			containerPortal = D237CCE02754E3FB00022511 /* Project object */;
			proxyType = 1;
			remoteGlobalIDString = D237CCE72754E3FB00022511;
			remoteInfo = PetDonor;
		};
/* End PBXContainerItemProxy section */

/* Begin PBXFileReference section */
		50077379278DFAA5000A6FD1 /* PetCardViewController.swift */ = {isa = PBXFileReference; lastKnownFileType = sourcecode.swift; path = PetCardViewController.swift; sourceTree = "<group>"; };
		500B7B5A277B6C5300F4736B /* PetInfo.swift */ = {isa = PBXFileReference; lastKnownFileType = sourcecode.swift; path = PetInfo.swift; sourceTree = "<group>"; };
		500B7B5C277D0A4A00F4736B /* AuthView.swift */ = {isa = PBXFileReference; lastKnownFileType = sourcecode.swift; path = AuthView.swift; sourceTree = "<group>"; };
		500B7B5F277D16F300F4736B /* UserView.swift */ = {isa = PBXFileReference; lastKnownFileType = sourcecode.swift; path = UserView.swift; sourceTree = "<group>"; };
		500C4B7F279EF5CE0011D4FA /* PostTableViewCell.swift */ = {isa = PBXFileReference; lastKnownFileType = sourcecode.swift; path = PostTableViewCell.swift; sourceTree = "<group>"; };
		500C4B80279EF5CE0011D4FA /* PostTableViewCell.xib */ = {isa = PBXFileReference; lastKnownFileType = file.xib; path = PostTableViewCell.xib; sourceTree = "<group>"; };
		500C4B83279F2ADC0011D4FA /* AlertBuilder.swift */ = {isa = PBXFileReference; lastKnownFileType = sourcecode.swift; path = AlertBuilder.swift; sourceTree = "<group>"; };
		502799982792E3D50052FB99 /* Animations.swift */ = {isa = PBXFileReference; lastKnownFileType = sourcecode.swift; path = Animations.swift; sourceTree = "<group>"; };
		5054B8012771F47400929B51 /* UserViewController.swift */ = {isa = PBXFileReference; lastKnownFileType = sourcecode.swift; path = UserViewController.swift; sourceTree = "<group>"; };
		5054B80327722FC300929B51 /* SignInViewController.swift */ = {isa = PBXFileReference; lastKnownFileType = sourcecode.swift; path = SignInViewController.swift; sourceTree = "<group>"; };
		5054B80527722FCD00929B51 /* SignUpViewController.swift */ = {isa = PBXFileReference; lastKnownFileType = sourcecode.swift; path = SignUpViewController.swift; sourceTree = "<group>"; };
		5054B80727722FF200929B51 /* PasswordRestoreViewController.swift */ = {isa = PBXFileReference; lastKnownFileType = sourcecode.swift; path = PasswordRestoreViewController.swift; sourceTree = "<group>"; };
		5067D866276B989300BDFD32 /* GoogleService-Info.plist */ = {isa = PBXFileReference; fileEncoding = 4; lastKnownFileType = text.plist.xml; path = "GoogleService-Info.plist"; sourceTree = "<group>"; };
		5084126827A2D016000154DC /* MainBoardHeaderView.swift */ = {isa = PBXFileReference; lastKnownFileType = sourcecode.swift; path = MainBoardHeaderView.swift; sourceTree = "<group>"; };
		5084126B27A2D063000154DC /* MainBoardFooterView.swift */ = {isa = PBXFileReference; lastKnownFileType = sourcecode.swift; path = MainBoardFooterView.swift; sourceTree = "<group>"; };
		50AE0BE12770A44C002060EE /* NewPostPetDescriptionViewController.swift */ = {isa = PBXFileReference; lastKnownFileType = sourcecode.swift; path = NewPostPetDescriptionViewController.swift; sourceTree = "<group>"; };
		50AE0BE52770A9B5002060EE /* Pet.swift */ = {isa = PBXFileReference; lastKnownFileType = sourcecode.swift; path = Pet.swift; sourceTree = "<group>"; };
		50BE8E60276CCC160099DBC7 /* CityRequestManager.swift */ = {isa = PBXFileReference; lastKnownFileType = sourcecode.swift; path = CityRequestManager.swift; sourceTree = "<group>"; };
		50BE8E62276CD2760099DBC7 /* CityPickerViewController.swift */ = {isa = PBXFileReference; lastKnownFileType = sourcecode.swift; path = CityPickerViewController.swift; sourceTree = "<group>"; };
		50BE8E64276CD76E0099DBC7 /* City.swift */ = {isa = PBXFileReference; lastKnownFileType = sourcecode.swift; path = City.swift; sourceTree = "<group>"; };
		50CC60322775D20900DF1B87 /* CollectionFlowLayout.swift */ = {isa = PBXFileReference; fileEncoding = 4; lastKnownFileType = sourcecode.swift; path = CollectionFlowLayout.swift; sourceTree = "<group>"; };
		50FCA6F92783266300ED6107 /* Database.swift */ = {isa = PBXFileReference; lastKnownFileType = sourcecode.swift; path = Database.swift; sourceTree = "<group>"; };
		D2195EEE2769F1690082E63D /* NewPostPetTableViewController.swift */ = {isa = PBXFileReference; lastKnownFileType = sourcecode.swift; path = NewPostPetTableViewController.swift; sourceTree = "<group>"; };
		D237CCE82754E3FB00022511 /* PetDonor.app */ = {isa = PBXFileReference; explicitFileType = wrapper.application; includeInIndex = 0; path = PetDonor.app; sourceTree = BUILT_PRODUCTS_DIR; };
		D237CCEB2754E3FB00022511 /* AppDelegate.swift */ = {isa = PBXFileReference; lastKnownFileType = sourcecode.swift; path = AppDelegate.swift; sourceTree = "<group>"; };
		D237CCED2754E3FB00022511 /* SceneDelegate.swift */ = {isa = PBXFileReference; lastKnownFileType = sourcecode.swift; path = SceneDelegate.swift; sourceTree = "<group>"; };
		D237CCF42754E3FC00022511 /* Assets.xcassets */ = {isa = PBXFileReference; lastKnownFileType = folder.assetcatalog; path = Assets.xcassets; sourceTree = "<group>"; };
		D237CCF72754E3FC00022511 /* Base */ = {isa = PBXFileReference; lastKnownFileType = file.storyboard; name = Base; path = Base.lproj/LaunchScreen.storyboard; sourceTree = "<group>"; };
		D237CCF92754E3FC00022511 /* Info.plist */ = {isa = PBXFileReference; lastKnownFileType = text.plist.xml; path = Info.plist; sourceTree = "<group>"; };
		D237CCFE2754E3FC00022511 /* PetDonorTests.xctest */ = {isa = PBXFileReference; explicitFileType = wrapper.cfbundle; includeInIndex = 0; path = PetDonorTests.xctest; sourceTree = BUILT_PRODUCTS_DIR; };
		D237CD022754E3FC00022511 /* PetDonorTests.swift */ = {isa = PBXFileReference; lastKnownFileType = sourcecode.swift; path = PetDonorTests.swift; sourceTree = "<group>"; };
		D237CD082754E3FD00022511 /* PetDonorUITests.xctest */ = {isa = PBXFileReference; explicitFileType = wrapper.cfbundle; includeInIndex = 0; path = PetDonorUITests.xctest; sourceTree = BUILT_PRODUCTS_DIR; };
		D237CD0C2754E3FD00022511 /* PetDonorUITests.swift */ = {isa = PBXFileReference; lastKnownFileType = sourcecode.swift; path = PetDonorUITests.swift; sourceTree = "<group>"; };
		D237CD0E2754E3FD00022511 /* PetDonorUITestsLaunchTests.swift */ = {isa = PBXFileReference; lastKnownFileType = sourcecode.swift; path = PetDonorUITestsLaunchTests.swift; sourceTree = "<group>"; };
		D237CD2D275A02DE00022511 /* BoardTextOnlyTableViewCell.swift */ = {isa = PBXFileReference; lastKnownFileType = sourcecode.swift; path = BoardTextOnlyTableViewCell.swift; sourceTree = "<group>"; };
		D237CD2E275A02DE00022511 /* BoardTextOnlyTableViewCell.xib */ = {isa = PBXFileReference; lastKnownFileType = file.xib; path = BoardTextOnlyTableViewCell.xib; sourceTree = "<group>"; };
		D237CD422763775600022511 /* Main.storyboard */ = {isa = PBXFileReference; lastKnownFileType = file.storyboard; path = Main.storyboard; sourceTree = "<group>"; };
		D237CD452763907400022511 /* MainBoardViewController.swift */ = {isa = PBXFileReference; lastKnownFileType = sourcecode.swift; path = MainBoardViewController.swift; sourceTree = "<group>"; };
		D237CD472763C0A600022511 /* MainBoardFiltersViewController.swift */ = {isa = PBXFileReference; lastKnownFileType = sourcecode.swift; path = MainBoardFiltersViewController.swift; sourceTree = "<group>"; };
		D237CD492763C4A800022511 /* SettingsCityTableViewCell.swift */ = {isa = PBXFileReference; lastKnownFileType = sourcecode.swift; path = SettingsCityTableViewCell.swift; sourceTree = "<group>"; };
		D237CD4D2763C9B700022511 /* SettingsCityTableViewCell.xib */ = {isa = PBXFileReference; lastKnownFileType = file.xib; path = SettingsCityTableViewCell.xib; sourceTree = "<group>"; };
/* End PBXFileReference section */

/* Begin PBXFrameworksBuildPhase section */
		D237CCE52754E3FB00022511 /* Frameworks */ = {
			isa = PBXFrameworksBuildPhase;
			buildActionMask = 2147483647;
			files = (
				5063A2F227988E7A00EC65C0 /* FirebaseAnalytics in Frameworks */,
				5063A2F627988E7A00EC65C0 /* FirebaseFirestore in Frameworks */,
				5063A2F427988E7A00EC65C0 /* FirebaseAuth in Frameworks */,
				5063A2F827988E7A00EC65C0 /* FirebaseStorage in Frameworks */,
				5063A2FB279890C000EC65C0 /* IQKeyboardManagerSwift in Frameworks */,
			);
			runOnlyForDeploymentPostprocessing = 0;
		};
		D237CCFB2754E3FC00022511 /* Frameworks */ = {
			isa = PBXFrameworksBuildPhase;
			buildActionMask = 2147483647;
			files = (
			);
			runOnlyForDeploymentPostprocessing = 0;
		};
		D237CD052754E3FD00022511 /* Frameworks */ = {
			isa = PBXFrameworksBuildPhase;
			buildActionMask = 2147483647;
			files = (
			);
			runOnlyForDeploymentPostprocessing = 0;
		};
/* End PBXFrameworksBuildPhase section */

/* Begin PBXGroup section */
		50077378278DF968000A6FD1 /* FilterView */ = {
			isa = PBXGroup;
			children = (
				D237CD4D2763C9B700022511 /* SettingsCityTableViewCell.xib */,
				D237CD492763C4A800022511 /* SettingsCityTableViewCell.swift */,
				D237CD472763C0A600022511 /* MainBoardFiltersViewController.swift */,
			);
			path = FilterView;
			sourceTree = "<group>";
		};
		500B7B5E277D145100F4736B /* Auth */ = {
			isa = PBXGroup;
			children = (
				500B7B5C277D0A4A00F4736B /* AuthView.swift */,
				5054B80327722FC300929B51 /* SignInViewController.swift */,
				5054B80527722FCD00929B51 /* SignUpViewController.swift */,
				5054B80727722FF200929B51 /* PasswordRestoreViewController.swift */,
			);
			path = Auth;
			sourceTree = "<group>";
		};
		5027999A2795DDCA0052FB99 /* Customization */ = {
			isa = PBXGroup;
			children = (
				502799982792E3D50052FB99 /* Animations.swift */,
				50CC60322775D20900DF1B87 /* CollectionFlowLayout.swift */,
				500C4B83279F2ADC0011D4FA /* AlertBuilder.swift */,
			);
			path = Customization;
			sourceTree = "<group>";
		};
		5054B8002771F46900929B51 /* User */ = {
			isa = PBXGroup;
			children = (
				5054B8012771F47400929B51 /* UserViewController.swift */,
				500B7B5F277D16F300F4736B /* UserView.swift */,
				500C4B7F279EF5CE0011D4FA /* PostTableViewCell.swift */,
				500C4B80279EF5CE0011D4FA /* PostTableViewCell.xib */,
				D2195EED2769F14B0082E63D /* New post */,
				500B7B5E277D145100F4736B /* Auth */,
			);
			path = User;
			sourceTree = "<group>";
		};
		5084126A27A2D021000154DC /* MainBoardCellView */ = {
			isa = PBXGroup;
			children = (
				5084126827A2D016000154DC /* MainBoardHeaderView.swift */,
				5084126B27A2D063000154DC /* MainBoardFooterView.swift */,
			);
			path = MainBoardCellView;
			sourceTree = "<group>";
		};
		D2195EED2769F14B0082E63D /* New post */ = {
			isa = PBXGroup;
			children = (
				D2195EEE2769F1690082E63D /* NewPostPetTableViewController.swift */,
				50BE8E62276CD2760099DBC7 /* CityPickerViewController.swift */,
				50AE0BE12770A44C002060EE /* NewPostPetDescriptionViewController.swift */,
			);
			indentWidth = 2;
			path = "New post";
			sourceTree = "<group>";
			usesTabs = 0;
		};
		D237CCDF2754E3FB00022511 = {
			isa = PBXGroup;
			children = (
				D237CCEA2754E3FB00022511 /* PetDonor */,
				D237CD012754E3FC00022511 /* PetDonorTests */,
				D237CD0B2754E3FD00022511 /* PetDonorUITests */,
				D237CCE92754E3FB00022511 /* Products */,
			);
			sourceTree = "<group>";
		};
		D237CCE92754E3FB00022511 /* Products */ = {
			isa = PBXGroup;
			children = (
				D237CCE82754E3FB00022511 /* PetDonor.app */,
				D237CCFE2754E3FC00022511 /* PetDonorTests.xctest */,
				D237CD082754E3FD00022511 /* PetDonorUITests.xctest */,
			);
			name = Products;
			sourceTree = "<group>";
		};
		D237CCEA2754E3FB00022511 /* PetDonor */ = {
			isa = PBXGroup;
			children = (
				5027999A2795DDCA0052FB99 /* Customization */,
				5054B8002771F46900929B51 /* User */,
				D237CCEB2754E3FB00022511 /* AppDelegate.swift */,
				D237CCED2754E3FB00022511 /* SceneDelegate.swift */,
				D237CD33275F9E0800022511 /* Model */,
				D237CD26275784FF00022511 /* Views */,
				D237CD25275784E500022511 /* Main Board */,
				D237CCF42754E3FC00022511 /* Assets.xcassets */,
				D237CCF92754E3FC00022511 /* Info.plist */,
				5067D866276B989300BDFD32 /* GoogleService-Info.plist */,
			);
			path = PetDonor;
			sourceTree = "<group>";
		};
		D237CD012754E3FC00022511 /* PetDonorTests */ = {
			isa = PBXGroup;
			children = (
				D237CD022754E3FC00022511 /* PetDonorTests.swift */,
			);
			path = PetDonorTests;
			sourceTree = "<group>";
		};
		D237CD0B2754E3FD00022511 /* PetDonorUITests */ = {
			isa = PBXGroup;
			children = (
				D237CD0C2754E3FD00022511 /* PetDonorUITests.swift */,
				D237CD0E2754E3FD00022511 /* PetDonorUITestsLaunchTests.swift */,
			);
			path = PetDonorUITests;
			sourceTree = "<group>";
		};
		D237CD25275784E500022511 /* Main Board */ = {
			isa = PBXGroup;
			children = (
				5084126A27A2D021000154DC /* MainBoardCellView */,
				D237CD452763907400022511 /* MainBoardViewController.swift */,
				50077379278DFAA5000A6FD1 /* PetCardViewController.swift */,
				D237CD2D275A02DE00022511 /* BoardTextOnlyTableViewCell.swift */,
				D237CD2E275A02DE00022511 /* BoardTextOnlyTableViewCell.xib */,
				50077378278DF968000A6FD1 /* FilterView */,
			);
			path = "Main Board";
			sourceTree = "<group>";
		};
		D237CD26275784FF00022511 /* Views */ = {
			isa = PBXGroup;
			children = (
				D237CD422763775600022511 /* Main.storyboard */,
				D237CCF62754E3FC00022511 /* LaunchScreen.storyboard */,
			);
			path = Views;
			sourceTree = "<group>";
		};
		D237CD33275F9E0800022511 /* Model */ = {
			isa = PBXGroup;
			children = (
				50BE8E60276CCC160099DBC7 /* CityRequestManager.swift */,
				50BE8E64276CD76E0099DBC7 /* City.swift */,
				50AE0BE52770A9B5002060EE /* Pet.swift */,
				500B7B5A277B6C5300F4736B /* PetInfo.swift */,
				50FCA6F92783266300ED6107 /* Database.swift */,
			);
			path = Model;
			sourceTree = "<group>";
		};
/* End PBXGroup section */

/* Begin PBXNativeTarget section */
		D237CCE72754E3FB00022511 /* PetDonor */ = {
			isa = PBXNativeTarget;
			buildConfigurationList = D237CD122754E3FD00022511 /* Build configuration list for PBXNativeTarget "PetDonor" */;
			buildPhases = (
				D237CCE42754E3FB00022511 /* Sources */,
				D237CCE52754E3FB00022511 /* Frameworks */,
				D237CCE62754E3FB00022511 /* Resources */,
			);
			buildRules = (
			);
			dependencies = (
			);
			name = PetDonor;
			packageProductDependencies = (
				5063A2F127988E7A00EC65C0 /* FirebaseAnalytics */,
				5063A2F327988E7A00EC65C0 /* FirebaseAuth */,
				5063A2F527988E7A00EC65C0 /* FirebaseFirestore */,
				5063A2F727988E7A00EC65C0 /* FirebaseStorage */,
				5063A2FA279890C000EC65C0 /* IQKeyboardManagerSwift */,
			);
			productName = PetDonor;
			productReference = D237CCE82754E3FB00022511 /* PetDonor.app */;
			productType = "com.apple.product-type.application";
		};
		D237CCFD2754E3FC00022511 /* PetDonorTests */ = {
			isa = PBXNativeTarget;
			buildConfigurationList = D237CD152754E3FD00022511 /* Build configuration list for PBXNativeTarget "PetDonorTests" */;
			buildPhases = (
				D237CCFA2754E3FC00022511 /* Sources */,
				D237CCFB2754E3FC00022511 /* Frameworks */,
				D237CCFC2754E3FC00022511 /* Resources */,
			);
			buildRules = (
			);
			dependencies = (
				D237CD002754E3FC00022511 /* PBXTargetDependency */,
			);
			name = PetDonorTests;
			productName = PetDonorTests;
			productReference = D237CCFE2754E3FC00022511 /* PetDonorTests.xctest */;
			productType = "com.apple.product-type.bundle.unit-test";
		};
		D237CD072754E3FD00022511 /* PetDonorUITests */ = {
			isa = PBXNativeTarget;
			buildConfigurationList = D237CD182754E3FD00022511 /* Build configuration list for PBXNativeTarget "PetDonorUITests" */;
			buildPhases = (
				D237CD042754E3FD00022511 /* Sources */,
				D237CD052754E3FD00022511 /* Frameworks */,
				D237CD062754E3FD00022511 /* Resources */,
			);
			buildRules = (
			);
			dependencies = (
				D237CD0A2754E3FD00022511 /* PBXTargetDependency */,
			);
			name = PetDonorUITests;
			productName = PetDonorUITests;
			productReference = D237CD082754E3FD00022511 /* PetDonorUITests.xctest */;
			productType = "com.apple.product-type.bundle.ui-testing";
		};
/* End PBXNativeTarget section */

/* Begin PBXProject section */
		D237CCE02754E3FB00022511 /* Project object */ = {
			isa = PBXProject;
			attributes = {
				BuildIndependentTargetsInParallel = 1;
				LastSwiftUpdateCheck = 1300;
				LastUpgradeCheck = 1300;
				TargetAttributes = {
					D237CCE72754E3FB00022511 = {
						CreatedOnToolsVersion = 13.0;
					};
					D237CCFD2754E3FC00022511 = {
						CreatedOnToolsVersion = 13.0;
						TestTargetID = D237CCE72754E3FB00022511;
					};
					D237CD072754E3FD00022511 = {
						CreatedOnToolsVersion = 13.0;
						TestTargetID = D237CCE72754E3FB00022511;
					};
				};
			};
			buildConfigurationList = D237CCE32754E3FB00022511 /* Build configuration list for PBXProject "PetDonor" */;
			compatibilityVersion = "Xcode 13.0";
			developmentRegion = en;
			hasScannedForEncodings = 0;
			knownRegions = (
				en,
				Base,
			);
			mainGroup = D237CCDF2754E3FB00022511;
			packageReferences = (
				5063A2F027988E7A00EC65C0 /* XCRemoteSwiftPackageReference "firebase-ios-sdk" */,
				5063A2F9279890C000EC65C0 /* XCRemoteSwiftPackageReference "IQKeyboardManager" */,
			);
			productRefGroup = D237CCE92754E3FB00022511 /* Products */;
			projectDirPath = "";
			projectRoot = "";
			targets = (
				D237CCE72754E3FB00022511 /* PetDonor */,
				D237CCFD2754E3FC00022511 /* PetDonorTests */,
				D237CD072754E3FD00022511 /* PetDonorUITests */,
			);
		};
/* End PBXProject section */

/* Begin PBXResourcesBuildPhase section */
		D237CCE62754E3FB00022511 /* Resources */ = {
			isa = PBXResourcesBuildPhase;
			buildActionMask = 2147483647;
			files = (
				D237CCF82754E3FC00022511 /* LaunchScreen.storyboard in Resources */,
				5067D867276B989300BDFD32 /* GoogleService-Info.plist in Resources */,
				D237CD30275A02DE00022511 /* BoardTextOnlyTableViewCell.xib in Resources */,
				D237CD4E2763C9B700022511 /* SettingsCityTableViewCell.xib in Resources */,
				500C4B82279EF5CE0011D4FA /* PostTableViewCell.xib in Resources */,
				D237CD432763775600022511 /* Main.storyboard in Resources */,
				D237CCF52754E3FC00022511 /* Assets.xcassets in Resources */,
			);
			runOnlyForDeploymentPostprocessing = 0;
		};
		D237CCFC2754E3FC00022511 /* Resources */ = {
			isa = PBXResourcesBuildPhase;
			buildActionMask = 2147483647;
			files = (
				5067D868276B989300BDFD32 /* GoogleService-Info.plist in Resources */,
			);
			runOnlyForDeploymentPostprocessing = 0;
		};
		D237CD062754E3FD00022511 /* Resources */ = {
			isa = PBXResourcesBuildPhase;
			buildActionMask = 2147483647;
			files = (
				5067D869276B989300BDFD32 /* GoogleService-Info.plist in Resources */,
			);
			runOnlyForDeploymentPostprocessing = 0;
		};
/* End PBXResourcesBuildPhase section */

/* Begin PBXSourcesBuildPhase section */
		D237CCE42754E3FB00022511 /* Sources */ = {
			isa = PBXSourcesBuildPhase;
			buildActionMask = 2147483647;
			files = (
				5007737A278DFAA5000A6FD1 /* PetCardViewController.swift in Sources */,
				D2195EEF2769F1690082E63D /* NewPostPetTableViewController.swift in Sources */,
				5084126C27A2D063000154DC /* MainBoardFooterView.swift in Sources */,
				D237CCEC2754E3FB00022511 /* AppDelegate.swift in Sources */,
				5084126927A2D016000154DC /* MainBoardHeaderView.swift in Sources */,
				D237CD2F275A02DE00022511 /* BoardTextOnlyTableViewCell.swift in Sources */,
				D237CD4B2763C4A800022511 /* SettingsCityTableViewCell.swift in Sources */,
				500B7B5B277B6C5300F4736B /* PetInfo.swift in Sources */,
				D237CD462763907400022511 /* MainBoardViewController.swift in Sources */,
				D237CD482763C0A600022511 /* MainBoardFiltersViewController.swift in Sources */,
				500B7B60277D16F300F4736B /* UserView.swift in Sources */,
				50BE8E65276CD76E0099DBC7 /* City.swift in Sources */,
				500B7B5D277D0A4A00F4736B /* AuthView.swift in Sources */,
				500C4B81279EF5CE0011D4FA /* PostTableViewCell.swift in Sources */,
				50CC60332775D20900DF1B87 /* CollectionFlowLayout.swift in Sources */,
				50AE0BE22770A44C002060EE /* NewPostPetDescriptionViewController.swift in Sources */,
				50FCA6FA2783266300ED6107 /* Database.swift in Sources */,
				5054B80427722FC300929B51 /* SignInViewController.swift in Sources */,
				5054B80627722FCD00929B51 /* SignUpViewController.swift in Sources */,
				D237CCEE2754E3FB00022511 /* SceneDelegate.swift in Sources */,
				50AE0BE62770A9B5002060EE /* Pet.swift in Sources */,
				500C4B84279F2ADC0011D4FA /* AlertBuilder.swift in Sources */,
				5054B8022771F47400929B51 /* UserViewController.swift in Sources */,
				50BE8E61276CCC160099DBC7 /* CityRequestManager.swift in Sources */,
				50BE8E63276CD2760099DBC7 /* CityPickerViewController.swift in Sources */,
				5054B80827722FF200929B51 /* PasswordRestoreViewController.swift in Sources */,
				502799992792E3D50052FB99 /* Animations.swift in Sources */,
			);
			runOnlyForDeploymentPostprocessing = 0;
		};
		D237CCFA2754E3FC00022511 /* Sources */ = {
			isa = PBXSourcesBuildPhase;
			buildActionMask = 2147483647;
			files = (
				D237CD032754E3FC00022511 /* PetDonorTests.swift in Sources */,
			);
			runOnlyForDeploymentPostprocessing = 0;
		};
		D237CD042754E3FD00022511 /* Sources */ = {
			isa = PBXSourcesBuildPhase;
			buildActionMask = 2147483647;
			files = (
				D237CD0F2754E3FD00022511 /* PetDonorUITestsLaunchTests.swift in Sources */,
				D237CD0D2754E3FD00022511 /* PetDonorUITests.swift in Sources */,
			);
			runOnlyForDeploymentPostprocessing = 0;
		};
/* End PBXSourcesBuildPhase section */

/* Begin PBXTargetDependency section */
		D237CD002754E3FC00022511 /* PBXTargetDependency */ = {
			isa = PBXTargetDependency;
			target = D237CCE72754E3FB00022511 /* PetDonor */;
			targetProxy = D237CCFF2754E3FC00022511 /* PBXContainerItemProxy */;
		};
		D237CD0A2754E3FD00022511 /* PBXTargetDependency */ = {
			isa = PBXTargetDependency;
			target = D237CCE72754E3FB00022511 /* PetDonor */;
			targetProxy = D237CD092754E3FD00022511 /* PBXContainerItemProxy */;
		};
/* End PBXTargetDependency section */

/* Begin PBXVariantGroup section */
		D237CCF62754E3FC00022511 /* LaunchScreen.storyboard */ = {
			isa = PBXVariantGroup;
			children = (
				D237CCF72754E3FC00022511 /* Base */,
			);
			name = LaunchScreen.storyboard;
			sourceTree = "<group>";
		};
/* End PBXVariantGroup section */

/* Begin XCBuildConfiguration section */
		D237CD102754E3FD00022511 /* Debug */ = {
			isa = XCBuildConfiguration;
			buildSettings = {
				ALWAYS_SEARCH_USER_PATHS = NO;
				CLANG_ANALYZER_NONNULL = YES;
				CLANG_ANALYZER_NUMBER_OBJECT_CONVERSION = YES_AGGRESSIVE;
				CLANG_CXX_LANGUAGE_STANDARD = "gnu++17";
				CLANG_CXX_LIBRARY = "libc++";
				CLANG_ENABLE_MODULES = YES;
				CLANG_ENABLE_OBJC_ARC = YES;
				CLANG_ENABLE_OBJC_WEAK = YES;
				CLANG_WARN_BLOCK_CAPTURE_AUTORELEASING = YES;
				CLANG_WARN_BOOL_CONVERSION = YES;
				CLANG_WARN_COMMA = YES;
				CLANG_WARN_CONSTANT_CONVERSION = YES;
				CLANG_WARN_DEPRECATED_OBJC_IMPLEMENTATIONS = YES;
				CLANG_WARN_DIRECT_OBJC_ISA_USAGE = YES_ERROR;
				CLANG_WARN_DOCUMENTATION_COMMENTS = YES;
				CLANG_WARN_EMPTY_BODY = YES;
				CLANG_WARN_ENUM_CONVERSION = YES;
				CLANG_WARN_INFINITE_RECURSION = YES;
				CLANG_WARN_INT_CONVERSION = YES;
				CLANG_WARN_NON_LITERAL_NULL_CONVERSION = YES;
				CLANG_WARN_OBJC_IMPLICIT_RETAIN_SELF = YES;
				CLANG_WARN_OBJC_LITERAL_CONVERSION = YES;
				CLANG_WARN_OBJC_ROOT_CLASS = YES_ERROR;
				CLANG_WARN_QUOTED_INCLUDE_IN_FRAMEWORK_HEADER = YES;
				CLANG_WARN_RANGE_LOOP_ANALYSIS = YES;
				CLANG_WARN_STRICT_PROTOTYPES = YES;
				CLANG_WARN_SUSPICIOUS_MOVE = YES;
				CLANG_WARN_UNGUARDED_AVAILABILITY = YES_AGGRESSIVE;
				CLANG_WARN_UNREACHABLE_CODE = YES;
				CLANG_WARN__DUPLICATE_METHOD_MATCH = YES;
				COPY_PHASE_STRIP = NO;
				DEBUG_INFORMATION_FORMAT = dwarf;
				ENABLE_STRICT_OBJC_MSGSEND = YES;
				ENABLE_TESTABILITY = YES;
				GCC_C_LANGUAGE_STANDARD = gnu11;
				GCC_DYNAMIC_NO_PIC = NO;
				GCC_NO_COMMON_BLOCKS = YES;
				GCC_OPTIMIZATION_LEVEL = 0;
				GCC_PREPROCESSOR_DEFINITIONS = (
					"DEBUG=1",
					"$(inherited)",
				);
				GCC_WARN_64_TO_32_BIT_CONVERSION = YES;
				GCC_WARN_ABOUT_RETURN_TYPE = YES_ERROR;
				GCC_WARN_UNDECLARED_SELECTOR = YES;
				GCC_WARN_UNINITIALIZED_AUTOS = YES_AGGRESSIVE;
				GCC_WARN_UNUSED_FUNCTION = YES;
				GCC_WARN_UNUSED_VARIABLE = YES;
				IPHONEOS_DEPLOYMENT_TARGET = 15.0;
				MTL_ENABLE_DEBUG_INFO = INCLUDE_SOURCE;
				MTL_FAST_MATH = YES;
				ONLY_ACTIVE_ARCH = YES;
				SDKROOT = iphoneos;
				SWIFT_ACTIVE_COMPILATION_CONDITIONS = DEBUG;
				SWIFT_OPTIMIZATION_LEVEL = "-Onone";
			};
			name = Debug;
		};
		D237CD112754E3FD00022511 /* Release */ = {
			isa = XCBuildConfiguration;
			buildSettings = {
				ALWAYS_SEARCH_USER_PATHS = NO;
				CLANG_ANALYZER_NONNULL = YES;
				CLANG_ANALYZER_NUMBER_OBJECT_CONVERSION = YES_AGGRESSIVE;
				CLANG_CXX_LANGUAGE_STANDARD = "gnu++17";
				CLANG_CXX_LIBRARY = "libc++";
				CLANG_ENABLE_MODULES = YES;
				CLANG_ENABLE_OBJC_ARC = YES;
				CLANG_ENABLE_OBJC_WEAK = YES;
				CLANG_WARN_BLOCK_CAPTURE_AUTORELEASING = YES;
				CLANG_WARN_BOOL_CONVERSION = YES;
				CLANG_WARN_COMMA = YES;
				CLANG_WARN_CONSTANT_CONVERSION = YES;
				CLANG_WARN_DEPRECATED_OBJC_IMPLEMENTATIONS = YES;
				CLANG_WARN_DIRECT_OBJC_ISA_USAGE = YES_ERROR;
				CLANG_WARN_DOCUMENTATION_COMMENTS = YES;
				CLANG_WARN_EMPTY_BODY = YES;
				CLANG_WARN_ENUM_CONVERSION = YES;
				CLANG_WARN_INFINITE_RECURSION = YES;
				CLANG_WARN_INT_CONVERSION = YES;
				CLANG_WARN_NON_LITERAL_NULL_CONVERSION = YES;
				CLANG_WARN_OBJC_IMPLICIT_RETAIN_SELF = YES;
				CLANG_WARN_OBJC_LITERAL_CONVERSION = YES;
				CLANG_WARN_OBJC_ROOT_CLASS = YES_ERROR;
				CLANG_WARN_QUOTED_INCLUDE_IN_FRAMEWORK_HEADER = YES;
				CLANG_WARN_RANGE_LOOP_ANALYSIS = YES;
				CLANG_WARN_STRICT_PROTOTYPES = YES;
				CLANG_WARN_SUSPICIOUS_MOVE = YES;
				CLANG_WARN_UNGUARDED_AVAILABILITY = YES_AGGRESSIVE;
				CLANG_WARN_UNREACHABLE_CODE = YES;
				CLANG_WARN__DUPLICATE_METHOD_MATCH = YES;
				COPY_PHASE_STRIP = NO;
				DEBUG_INFORMATION_FORMAT = "dwarf-with-dsym";
				ENABLE_NS_ASSERTIONS = NO;
				ENABLE_STRICT_OBJC_MSGSEND = YES;
				GCC_C_LANGUAGE_STANDARD = gnu11;
				GCC_NO_COMMON_BLOCKS = YES;
				GCC_WARN_64_TO_32_BIT_CONVERSION = YES;
				GCC_WARN_ABOUT_RETURN_TYPE = YES_ERROR;
				GCC_WARN_UNDECLARED_SELECTOR = YES;
				GCC_WARN_UNINITIALIZED_AUTOS = YES_AGGRESSIVE;
				GCC_WARN_UNUSED_FUNCTION = YES;
				GCC_WARN_UNUSED_VARIABLE = YES;
				IPHONEOS_DEPLOYMENT_TARGET = 15.0;
				MTL_ENABLE_DEBUG_INFO = NO;
				MTL_FAST_MATH = YES;
				SDKROOT = iphoneos;
				SWIFT_COMPILATION_MODE = wholemodule;
				SWIFT_OPTIMIZATION_LEVEL = "-O";
				VALIDATE_PRODUCT = YES;
			};
			name = Release;
		};
		D237CD132754E3FD00022511 /* Debug */ = {
			isa = XCBuildConfiguration;
			buildSettings = {
				ASSETCATALOG_COMPILER_APPICON_NAME = AppIcon;
				ASSETCATALOG_COMPILER_GLOBAL_ACCENT_COLOR_NAME = AccentColor;
				CODE_SIGN_STYLE = Automatic;
				CURRENT_PROJECT_VERSION = 1;
				DEVELOPMENT_TEAM = 6J7BMHDBAB;
				GENERATE_INFOPLIST_FILE = YES;
				INFOPLIST_FILE = PetDonor/Info.plist;
				INFOPLIST_KEY_UIApplicationSupportsIndirectInputEvents = YES;
				INFOPLIST_KEY_UILaunchStoryboardName = LaunchScreen;
				INFOPLIST_KEY_UIMainStoryboardFile = Main;
				INFOPLIST_KEY_UISupportedInterfaceOrientations_iPad = "UIInterfaceOrientationPortrait UIInterfaceOrientationPortraitUpsideDown UIInterfaceOrientationLandscapeLeft UIInterfaceOrientationLandscapeRight";
				INFOPLIST_KEY_UISupportedInterfaceOrientations_iPhone = "UIInterfaceOrientationPortrait UIInterfaceOrientationLandscapeLeft UIInterfaceOrientationLandscapeRight";
				LD_RUNPATH_SEARCH_PATHS = (
					"$(inherited)",
					"@executable_path/Frameworks",
				);
				MARKETING_VERSION = 1.0;
				PRODUCT_BUNDLE_IDENTIFIER = com.shashkov.PetDonor;
				PRODUCT_NAME = "$(TARGET_NAME)";
				SWIFT_EMIT_LOC_STRINGS = YES;
				SWIFT_VERSION = 5.0;
				TARGETED_DEVICE_FAMILY = "1,2";
			};
			name = Debug;
		};
		D237CD142754E3FD00022511 /* Release */ = {
			isa = XCBuildConfiguration;
			buildSettings = {
				ASSETCATALOG_COMPILER_APPICON_NAME = AppIcon;
				ASSETCATALOG_COMPILER_GLOBAL_ACCENT_COLOR_NAME = AccentColor;
				CODE_SIGN_STYLE = Automatic;
				CURRENT_PROJECT_VERSION = 1;
				DEVELOPMENT_TEAM = 6J7BMHDBAB;
				GENERATE_INFOPLIST_FILE = YES;
				INFOPLIST_FILE = PetDonor/Info.plist;
				INFOPLIST_KEY_UIApplicationSupportsIndirectInputEvents = YES;
				INFOPLIST_KEY_UILaunchStoryboardName = LaunchScreen;
				INFOPLIST_KEY_UIMainStoryboardFile = Main;
				INFOPLIST_KEY_UISupportedInterfaceOrientations_iPad = "UIInterfaceOrientationPortrait UIInterfaceOrientationPortraitUpsideDown UIInterfaceOrientationLandscapeLeft UIInterfaceOrientationLandscapeRight";
				INFOPLIST_KEY_UISupportedInterfaceOrientations_iPhone = "UIInterfaceOrientationPortrait UIInterfaceOrientationLandscapeLeft UIInterfaceOrientationLandscapeRight";
				LD_RUNPATH_SEARCH_PATHS = (
					"$(inherited)",
					"@executable_path/Frameworks",
				);
				MARKETING_VERSION = 1.0;
				PRODUCT_BUNDLE_IDENTIFIER = com.shashkov.PetDonor;
				PRODUCT_NAME = "$(TARGET_NAME)";
				SWIFT_EMIT_LOC_STRINGS = YES;
				SWIFT_VERSION = 5.0;
				TARGETED_DEVICE_FAMILY = "1,2";
			};
			name = Release;
		};
		D237CD162754E3FD00022511 /* Debug */ = {
			isa = XCBuildConfiguration;
			buildSettings = {
				ALWAYS_EMBED_SWIFT_STANDARD_LIBRARIES = YES;
				BUNDLE_LOADER = "$(TEST_HOST)";
				CODE_SIGN_STYLE = Automatic;
				CURRENT_PROJECT_VERSION = 1;
				DEVELOPMENT_TEAM = 6J7BMHDBAB;
				GENERATE_INFOPLIST_FILE = YES;
				IPHONEOS_DEPLOYMENT_TARGET = 15.0;
				LD_RUNPATH_SEARCH_PATHS = (
					"$(inherited)",
					"@executable_path/Frameworks",
					"@loader_path/Frameworks",
				);
				MARKETING_VERSION = 1.0;
				PRODUCT_BUNDLE_IDENTIFIER = com.shashkov.PetDonorTests;
				PRODUCT_NAME = "$(TARGET_NAME)";
				SWIFT_EMIT_LOC_STRINGS = NO;
				SWIFT_VERSION = 5.0;
				TARGETED_DEVICE_FAMILY = "1,2";
				TEST_HOST = "$(BUILT_PRODUCTS_DIR)/PetDonor.app/PetDonor";
			};
			name = Debug;
		};
		D237CD172754E3FD00022511 /* Release */ = {
			isa = XCBuildConfiguration;
			buildSettings = {
				ALWAYS_EMBED_SWIFT_STANDARD_LIBRARIES = YES;
				BUNDLE_LOADER = "$(TEST_HOST)";
				CODE_SIGN_STYLE = Automatic;
				CURRENT_PROJECT_VERSION = 1;
				DEVELOPMENT_TEAM = 6J7BMHDBAB;
				GENERATE_INFOPLIST_FILE = YES;
				IPHONEOS_DEPLOYMENT_TARGET = 15.0;
				LD_RUNPATH_SEARCH_PATHS = (
					"$(inherited)",
					"@executable_path/Frameworks",
					"@loader_path/Frameworks",
				);
				MARKETING_VERSION = 1.0;
				PRODUCT_BUNDLE_IDENTIFIER = com.shashkov.PetDonorTests;
				PRODUCT_NAME = "$(TARGET_NAME)";
				SWIFT_EMIT_LOC_STRINGS = NO;
				SWIFT_VERSION = 5.0;
				TARGETED_DEVICE_FAMILY = "1,2";
				TEST_HOST = "$(BUILT_PRODUCTS_DIR)/PetDonor.app/PetDonor";
			};
			name = Release;
		};
		D237CD192754E3FD00022511 /* Debug */ = {
			isa = XCBuildConfiguration;
			buildSettings = {
				ALWAYS_EMBED_SWIFT_STANDARD_LIBRARIES = YES;
				CODE_SIGN_STYLE = Automatic;
				CURRENT_PROJECT_VERSION = 1;
				DEVELOPMENT_TEAM = 6J7BMHDBAB;
				GENERATE_INFOPLIST_FILE = YES;
				LD_RUNPATH_SEARCH_PATHS = (
					"$(inherited)",
					"@executable_path/Frameworks",
					"@loader_path/Frameworks",
				);
				MARKETING_VERSION = 1.0;
				PRODUCT_BUNDLE_IDENTIFIER = com.shashkov.PetDonorUITests;
				PRODUCT_NAME = "$(TARGET_NAME)";
				SWIFT_EMIT_LOC_STRINGS = NO;
				SWIFT_VERSION = 5.0;
				TARGETED_DEVICE_FAMILY = "1,2";
				TEST_TARGET_NAME = PetDonor;
			};
			name = Debug;
		};
		D237CD1A2754E3FD00022511 /* Release */ = {
			isa = XCBuildConfiguration;
			buildSettings = {
				ALWAYS_EMBED_SWIFT_STANDARD_LIBRARIES = YES;
				CODE_SIGN_STYLE = Automatic;
				CURRENT_PROJECT_VERSION = 1;
				DEVELOPMENT_TEAM = 6J7BMHDBAB;
				GENERATE_INFOPLIST_FILE = YES;
				LD_RUNPATH_SEARCH_PATHS = (
					"$(inherited)",
					"@executable_path/Frameworks",
					"@loader_path/Frameworks",
				);
				MARKETING_VERSION = 1.0;
				PRODUCT_BUNDLE_IDENTIFIER = com.shashkov.PetDonorUITests;
				PRODUCT_NAME = "$(TARGET_NAME)";
				SWIFT_EMIT_LOC_STRINGS = NO;
				SWIFT_VERSION = 5.0;
				TARGETED_DEVICE_FAMILY = "1,2";
				TEST_TARGET_NAME = PetDonor;
			};
			name = Release;
		};
/* End XCBuildConfiguration section */

/* Begin XCConfigurationList section */
		D237CCE32754E3FB00022511 /* Build configuration list for PBXProject "PetDonor" */ = {
			isa = XCConfigurationList;
			buildConfigurations = (
				D237CD102754E3FD00022511 /* Debug */,
				D237CD112754E3FD00022511 /* Release */,
			);
			defaultConfigurationIsVisible = 0;
			defaultConfigurationName = Release;
		};
		D237CD122754E3FD00022511 /* Build configuration list for PBXNativeTarget "PetDonor" */ = {
			isa = XCConfigurationList;
			buildConfigurations = (
				D237CD132754E3FD00022511 /* Debug */,
				D237CD142754E3FD00022511 /* Release */,
			);
			defaultConfigurationIsVisible = 0;
			defaultConfigurationName = Release;
		};
		D237CD152754E3FD00022511 /* Build configuration list for PBXNativeTarget "PetDonorTests" */ = {
			isa = XCConfigurationList;
			buildConfigurations = (
				D237CD162754E3FD00022511 /* Debug */,
				D237CD172754E3FD00022511 /* Release */,
			);
			defaultConfigurationIsVisible = 0;
			defaultConfigurationName = Release;
		};
		D237CD182754E3FD00022511 /* Build configuration list for PBXNativeTarget "PetDonorUITests" */ = {
			isa = XCConfigurationList;
			buildConfigurations = (
				D237CD192754E3FD00022511 /* Debug */,
				D237CD1A2754E3FD00022511 /* Release */,
			);
			defaultConfigurationIsVisible = 0;
			defaultConfigurationName = Release;
		};
/* End XCConfigurationList section */

/* Begin XCRemoteSwiftPackageReference section */
		5063A2F027988E7A00EC65C0 /* XCRemoteSwiftPackageReference "firebase-ios-sdk" */ = {
			isa = XCRemoteSwiftPackageReference;
			repositoryURL = "https://github.com/firebase/firebase-ios-sdk";
			requirement = {
				branch = master;
				kind = branch;
			};
		};
		5063A2F9279890C000EC65C0 /* XCRemoteSwiftPackageReference "IQKeyboardManager" */ = {
			isa = XCRemoteSwiftPackageReference;
			repositoryURL = "https://github.com/hackiftekhar/IQKeyboardManager.git";
			requirement = {
				kind = upToNextMajorVersion;
				minimumVersion = 6.5.0;
			};
		};
/* End XCRemoteSwiftPackageReference section */

/* Begin XCSwiftPackageProductDependency section */
		5063A2F127988E7A00EC65C0 /* FirebaseAnalytics */ = {
			isa = XCSwiftPackageProductDependency;
			package = 5063A2F027988E7A00EC65C0 /* XCRemoteSwiftPackageReference "firebase-ios-sdk" */;
			productName = FirebaseAnalytics;
		};
		5063A2F327988E7A00EC65C0 /* FirebaseAuth */ = {
			isa = XCSwiftPackageProductDependency;
			package = 5063A2F027988E7A00EC65C0 /* XCRemoteSwiftPackageReference "firebase-ios-sdk" */;
			productName = FirebaseAuth;
		};
		5063A2F527988E7A00EC65C0 /* FirebaseFirestore */ = {
			isa = XCSwiftPackageProductDependency;
			package = 5063A2F027988E7A00EC65C0 /* XCRemoteSwiftPackageReference "firebase-ios-sdk" */;
			productName = FirebaseFirestore;
		};
		5063A2F727988E7A00EC65C0 /* FirebaseStorage */ = {
			isa = XCSwiftPackageProductDependency;
			package = 5063A2F027988E7A00EC65C0 /* XCRemoteSwiftPackageReference "firebase-ios-sdk" */;
			productName = FirebaseStorage;
		};
		5063A2FA279890C000EC65C0 /* IQKeyboardManagerSwift */ = {
			isa = XCSwiftPackageProductDependency;
			package = 5063A2F9279890C000EC65C0 /* XCRemoteSwiftPackageReference "IQKeyboardManager" */;
			productName = IQKeyboardManagerSwift;
		};
/* End XCSwiftPackageProductDependency section */
	};
	rootObject = D237CCE02754E3FB00022511 /* Project object */;
}
