// !$*UTF8*$!
{
	archiveVersion = 1;
	classes = {
	};
	objectVersion = 55;
	objects = {

/* Begin PBXBuildFile section */
		365EB36E5DE257CCA67BB57E /* Pods_PetDonorTests.framework in Frameworks */ = {isa = PBXBuildFile; fileRef = E9C1E4FBEA15CEA1D8626564 /* Pods_PetDonorTests.framework */; };
		5007737A278DFAA5000A6FD1 /* PetCardViewController.swift in Sources */ = {isa = PBXBuildFile; fileRef = 50077379278DFAA5000A6FD1 /* PetCardViewController.swift */; };
		500B7B5B277B6C5300F4736B /* PetInfo.swift in Sources */ = {isa = PBXBuildFile; fileRef = 500B7B5A277B6C5300F4736B /* PetInfo.swift */; };
		500B7B5D277D0A4A00F4736B /* AuthView.swift in Sources */ = {isa = PBXBuildFile; fileRef = 500B7B5C277D0A4A00F4736B /* AuthView.swift */; };
		500B7B60277D16F300F4736B /* UserView.swift in Sources */ = {isa = PBXBuildFile; fileRef = 500B7B5F277D16F300F4736B /* UserView.swift */; };
		502799992792E3D50052FB99 /* Animations.swift in Sources */ = {isa = PBXBuildFile; fileRef = 502799982792E3D50052FB99 /* Animations.swift */; };
		5054B8022771F47400929B51 /* UserViewController.swift in Sources */ = {isa = PBXBuildFile; fileRef = 5054B8012771F47400929B51 /* UserViewController.swift */; };
		5054B80427722FC300929B51 /* SignInViewController.swift in Sources */ = {isa = PBXBuildFile; fileRef = 5054B80327722FC300929B51 /* SignInViewController.swift */; };
		5054B80627722FCD00929B51 /* SignUpViewController.swift in Sources */ = {isa = PBXBuildFile; fileRef = 5054B80527722FCD00929B51 /* SignUpViewController.swift */; };
		5054B80827722FF200929B51 /* PasswordRestoreViewController.swift in Sources */ = {isa = PBXBuildFile; fileRef = 5054B80727722FF200929B51 /* PasswordRestoreViewController.swift */; };
		5067D867276B989300BDFD32 /* GoogleService-Info.plist in Resources */ = {isa = PBXBuildFile; fileRef = 5067D866276B989300BDFD32 /* GoogleService-Info.plist */; };
		5067D868276B989300BDFD32 /* GoogleService-Info.plist in Resources */ = {isa = PBXBuildFile; fileRef = 5067D866276B989300BDFD32 /* GoogleService-Info.plist */; };
		5067D869276B989300BDFD32 /* GoogleService-Info.plist in Resources */ = {isa = PBXBuildFile; fileRef = 5067D866276B989300BDFD32 /* GoogleService-Info.plist */; };
		50AE0BE22770A44C002060EE /* NewPostPetDescriptionViewController.swift in Sources */ = {isa = PBXBuildFile; fileRef = 50AE0BE12770A44C002060EE /* NewPostPetDescriptionViewController.swift */; };
		50AE0BE62770A9B5002060EE /* Pet.swift in Sources */ = {isa = PBXBuildFile; fileRef = 50AE0BE52770A9B5002060EE /* Pet.swift */; };
		50BE8E61276CCC160099DBC7 /* CityRequestManager.swift in Sources */ = {isa = PBXBuildFile; fileRef = 50BE8E60276CCC160099DBC7 /* CityRequestManager.swift */; };
		50BE8E63276CD2760099DBC7 /* CityPickerViewController.swift in Sources */ = {isa = PBXBuildFile; fileRef = 50BE8E62276CD2760099DBC7 /* CityPickerViewController.swift */; };
		50BE8E65276CD76E0099DBC7 /* City.swift in Sources */ = {isa = PBXBuildFile; fileRef = 50BE8E64276CD76E0099DBC7 /* City.swift */; };
		50CC60332775D20900DF1B87 /* CollectionFlowLayout.swift in Sources */ = {isa = PBXBuildFile; fileRef = 50CC60322775D20900DF1B87 /* CollectionFlowLayout.swift */; };
		50FCA6FA2783266300ED6107 /* Database.swift in Sources */ = {isa = PBXBuildFile; fileRef = 50FCA6F92783266300ED6107 /* Database.swift */; };
		A65C82CE87A319A50D862F33 /* Pods_PetDonor.framework in Frameworks */ = {isa = PBXBuildFile; fileRef = 77BB391B164A87C9E3482F16 /* Pods_PetDonor.framework */; };
		A7C5255D42EA274BA8EA3F36 /* Pods_PetDonor_PetDonorUITests.framework in Frameworks */ = {isa = PBXBuildFile; fileRef = 416D12317E2372066D53C729 /* Pods_PetDonor_PetDonorUITests.framework */; };
		D2195EEF2769F1690082E63D /* NewPostPetTableViewController.swift in Sources */ = {isa = PBXBuildFile; fileRef = D2195EEE2769F1690082E63D /* NewPostPetTableViewController.swift */; };
		D237CCEC2754E3FB00022511 /* AppDelegate.swift in Sources */ = {isa = PBXBuildFile; fileRef = D237CCEB2754E3FB00022511 /* AppDelegate.swift */; };
		D237CCEE2754E3FB00022511 /* SceneDelegate.swift in Sources */ = {isa = PBXBuildFile; fileRef = D237CCED2754E3FB00022511 /* SceneDelegate.swift */; };
		D237CCF52754E3FC00022511 /* Assets.xcassets in Resources */ = {isa = PBXBuildFile; fileRef = D237CCF42754E3FC00022511 /* Assets.xcassets */; };
		D237CCF82754E3FC00022511 /* LaunchScreen.storyboard in Resources */ = {isa = PBXBuildFile; fileRef = D237CCF62754E3FC00022511 /* LaunchScreen.storyboard */; };
		D237CD032754E3FC00022511 /* PetDonorTests.swift in Sources */ = {isa = PBXBuildFile; fileRef = D237CD022754E3FC00022511 /* PetDonorTests.swift */; };
		D237CD0D2754E3FD00022511 /* PetDonorUITests.swift in Sources */ = {isa = PBXBuildFile; fileRef = D237CD0C2754E3FD00022511 /* PetDonorUITests.swift */; };
		D237CD0F2754E3FD00022511 /* PetDonorUITestsLaunchTests.swift in Sources */ = {isa = PBXBuildFile; fileRef = D237CD0E2754E3FD00022511 /* PetDonorUITestsLaunchTests.swift */; };
		D237CD2F275A02DE00022511 /* BoardTextOnlyTableViewCell.swift in Sources */ = {isa = PBXBuildFile; fileRef = D237CD2D275A02DE00022511 /* BoardTextOnlyTableViewCell.swift */; };
		D237CD30275A02DE00022511 /* BoardTextOnlyTableViewCell.xib in Resources */ = {isa = PBXBuildFile; fileRef = D237CD2E275A02DE00022511 /* BoardTextOnlyTableViewCell.xib */; };
		D237CD432763775600022511 /* Main.storyboard in Resources */ = {isa = PBXBuildFile; fileRef = D237CD422763775600022511 /* Main.storyboard */; };
		D237CD462763907400022511 /* BoardViewController.swift in Sources */ = {isa = PBXBuildFile; fileRef = D237CD452763907400022511 /* BoardViewController.swift */; };
		D237CD482763C0A600022511 /* SettingsViewController.swift in Sources */ = {isa = PBXBuildFile; fileRef = D237CD472763C0A600022511 /* SettingsViewController.swift */; };
		D237CD4B2763C4A800022511 /* SettingsCityTableViewCell.swift in Sources */ = {isa = PBXBuildFile; fileRef = D237CD492763C4A800022511 /* SettingsCityTableViewCell.swift */; };
		D237CD4E2763C9B700022511 /* SettingsCityTableViewCell.xib in Resources */ = {isa = PBXBuildFile; fileRef = D237CD4D2763C9B700022511 /* SettingsCityTableViewCell.xib */; };
/* End PBXBuildFile section */

/* Begin PBXContainerItemProxy section */
		D237CCFF2754E3FC00022511 /* PBXContainerItemProxy */ = {
			isa = PBXContainerItemProxy;
			containerPortal = D237CCE02754E3FB00022511 /* Project object */;
			proxyType = 1;
			remoteGlobalIDString = D237CCE72754E3FB00022511;
			remoteInfo = PetDonor;
		};
		D237CD092754E3FD00022511 /* PBXContainerItemProxy */ = {
			isa = PBXContainerItemProxy;
			containerPortal = D237CCE02754E3FB00022511 /* Project object */;
			proxyType = 1;
			remoteGlobalIDString = D237CCE72754E3FB00022511;
			remoteInfo = PetDonor;
		};
/* End PBXContainerItemProxy section */

/* Begin PBXFileReference section */
		3CB11C1E5B9E2D13C0AA834C /* Pods-PetDonor-PetDonorUITests.debug.xcconfig */ = {isa = PBXFileReference; includeInIndex = 1; lastKnownFileType = text.xcconfig; name = "Pods-PetDonor-PetDonorUITests.debug.xcconfig"; path = "Target Support Files/Pods-PetDonor-PetDonorUITests/Pods-PetDonor-PetDonorUITests.debug.xcconfig"; sourceTree = "<group>"; };
		416D12317E2372066D53C729 /* Pods_PetDonor_PetDonorUITests.framework */ = {isa = PBXFileReference; explicitFileType = wrapper.framework; includeInIndex = 0; path = Pods_PetDonor_PetDonorUITests.framework; sourceTree = BUILT_PRODUCTS_DIR; };
		4317484A7133E2D3CFA99776 /* Pods-PetDonor-PetDonorUITests.release.xcconfig */ = {isa = PBXFileReference; includeInIndex = 1; lastKnownFileType = text.xcconfig; name = "Pods-PetDonor-PetDonorUITests.release.xcconfig"; path = "Target Support Files/Pods-PetDonor-PetDonorUITests/Pods-PetDonor-PetDonorUITests.release.xcconfig"; sourceTree = "<group>"; };
		50077379278DFAA5000A6FD1 /* PetCardViewController.swift */ = {isa = PBXFileReference; lastKnownFileType = sourcecode.swift; path = PetCardViewController.swift; sourceTree = "<group>"; };
		500B7B5A277B6C5300F4736B /* PetInfo.swift */ = {isa = PBXFileReference; lastKnownFileType = sourcecode.swift; path = PetInfo.swift; sourceTree = "<group>"; };
		500B7B5C277D0A4A00F4736B /* AuthView.swift */ = {isa = PBXFileReference; lastKnownFileType = sourcecode.swift; path = AuthView.swift; sourceTree = "<group>"; };
		500B7B5F277D16F300F4736B /* UserView.swift */ = {isa = PBXFileReference; lastKnownFileType = sourcecode.swift; path = UserView.swift; sourceTree = "<group>"; };
		502799982792E3D50052FB99 /* Animations.swift */ = {isa = PBXFileReference; lastKnownFileType = sourcecode.swift; path = Animations.swift; sourceTree = "<group>"; };
		5054B8012771F47400929B51 /* UserViewController.swift */ = {isa = PBXFileReference; lastKnownFileType = sourcecode.swift; path = UserViewController.swift; sourceTree = "<group>"; };
		5054B80327722FC300929B51 /* SignInViewController.swift */ = {isa = PBXFileReference; lastKnownFileType = sourcecode.swift; path = SignInViewController.swift; sourceTree = "<group>"; };
		5054B80527722FCD00929B51 /* SignUpViewController.swift */ = {isa = PBXFileReference; lastKnownFileType = sourcecode.swift; path = SignUpViewController.swift; sourceTree = "<group>"; };
		5054B80727722FF200929B51 /* PasswordRestoreViewController.swift */ = {isa = PBXFileReference; lastKnownFileType = sourcecode.swift; path = PasswordRestoreViewController.swift; sourceTree = "<group>"; };
		5067D866276B989300BDFD32 /* GoogleService-Info.plist */ = {isa = PBXFileReference; fileEncoding = 4; lastKnownFileType = text.plist.xml; path = "GoogleService-Info.plist"; sourceTree = "<group>"; };
		50AE0BE12770A44C002060EE /* NewPostPetDescriptionViewController.swift */ = {isa = PBXFileReference; lastKnownFileType = sourcecode.swift; path = NewPostPetDescriptionViewController.swift; sourceTree = "<group>"; };
		50AE0BE52770A9B5002060EE /* Pet.swift */ = {isa = PBXFileReference; lastKnownFileType = sourcecode.swift; path = Pet.swift; sourceTree = "<group>"; };
		50BE8E60276CCC160099DBC7 /* CityRequestManager.swift */ = {isa = PBXFileReference; lastKnownFileType = sourcecode.swift; path = CityRequestManager.swift; sourceTree = "<group>"; };
		50BE8E62276CD2760099DBC7 /* CityPickerViewController.swift */ = {isa = PBXFileReference; lastKnownFileType = sourcecode.swift; path = CityPickerViewController.swift; sourceTree = "<group>"; };
		50BE8E64276CD76E0099DBC7 /* City.swift */ = {isa = PBXFileReference; lastKnownFileType = sourcecode.swift; path = City.swift; sourceTree = "<group>"; };
		50CC60322775D20900DF1B87 /* CollectionFlowLayout.swift */ = {isa = PBXFileReference; fileEncoding = 4; lastKnownFileType = sourcecode.swift; path = CollectionFlowLayout.swift; sourceTree = "<group>"; };
		50FCA6F92783266300ED6107 /* Database.swift */ = {isa = PBXFileReference; lastKnownFileType = sourcecode.swift; path = Database.swift; sourceTree = "<group>"; };
		542F53E727D5F717BBFB5507 /* Pods-PetDonor.debug.xcconfig */ = {isa = PBXFileReference; includeInIndex = 1; lastKnownFileType = text.xcconfig; name = "Pods-PetDonor.debug.xcconfig"; path = "Target Support Files/Pods-PetDonor/Pods-PetDonor.debug.xcconfig"; sourceTree = "<group>"; };
		77BB391B164A87C9E3482F16 /* Pods_PetDonor.framework */ = {isa = PBXFileReference; explicitFileType = wrapper.framework; includeInIndex = 0; path = Pods_PetDonor.framework; sourceTree = BUILT_PRODUCTS_DIR; };
		955A3FB3CE9DADD479181A5E /* Pods-PetDonor.release.xcconfig */ = {isa = PBXFileReference; includeInIndex = 1; lastKnownFileType = text.xcconfig; name = "Pods-PetDonor.release.xcconfig"; path = "Target Support Files/Pods-PetDonor/Pods-PetDonor.release.xcconfig"; sourceTree = "<group>"; };
		98CB05893E6D7D61C5284752 /* Pods-PetDonorTests.release.xcconfig */ = {isa = PBXFileReference; includeInIndex = 1; lastKnownFileType = text.xcconfig; name = "Pods-PetDonorTests.release.xcconfig"; path = "Target Support Files/Pods-PetDonorTests/Pods-PetDonorTests.release.xcconfig"; sourceTree = "<group>"; };
		AC2203A7165C7E779F3B3D82 /* Pods-PetDonorTests.debug.xcconfig */ = {isa = PBXFileReference; includeInIndex = 1; lastKnownFileType = text.xcconfig; name = "Pods-PetDonorTests.debug.xcconfig"; path = "Target Support Files/Pods-PetDonorTests/Pods-PetDonorTests.debug.xcconfig"; sourceTree = "<group>"; };
		D2195EEE2769F1690082E63D /* NewPostPetTableViewController.swift */ = {isa = PBXFileReference; lastKnownFileType = sourcecode.swift; path = NewPostPetTableViewController.swift; sourceTree = "<group>"; };
		D237CCE82754E3FB00022511 /* PetDonor.app */ = {isa = PBXFileReference; explicitFileType = wrapper.application; includeInIndex = 0; path = PetDonor.app; sourceTree = BUILT_PRODUCTS_DIR; };
		D237CCEB2754E3FB00022511 /* AppDelegate.swift */ = {isa = PBXFileReference; lastKnownFileType = sourcecode.swift; path = AppDelegate.swift; sourceTree = "<group>"; };
		D237CCED2754E3FB00022511 /* SceneDelegate.swift */ = {isa = PBXFileReference; lastKnownFileType = sourcecode.swift; path = SceneDelegate.swift; sourceTree = "<group>"; };
		D237CCF42754E3FC00022511 /* Assets.xcassets */ = {isa = PBXFileReference; lastKnownFileType = folder.assetcatalog; path = Assets.xcassets; sourceTree = "<group>"; };
		D237CCF72754E3FC00022511 /* Base */ = {isa = PBXFileReference; lastKnownFileType = file.storyboard; name = Base; path = Base.lproj/LaunchScreen.storyboard; sourceTree = "<group>"; };
		D237CCF92754E3FC00022511 /* Info.plist */ = {isa = PBXFileReference; lastKnownFileType = text.plist.xml; path = Info.plist; sourceTree = "<group>"; };
		D237CCFE2754E3FC00022511 /* PetDonorTests.xctest */ = {isa = PBXFileReference; explicitFileType = wrapper.cfbundle; includeInIndex = 0; path = PetDonorTests.xctest; sourceTree = BUILT_PRODUCTS_DIR; };
		D237CD022754E3FC00022511 /* PetDonorTests.swift */ = {isa = PBXFileReference; lastKnownFileType = sourcecode.swift; path = PetDonorTests.swift; sourceTree = "<group>"; };
		D237CD082754E3FD00022511 /* PetDonorUITests.xctest */ = {isa = PBXFileReference; explicitFileType = wrapper.cfbundle; includeInIndex = 0; path = PetDonorUITests.xctest; sourceTree = BUILT_PRODUCTS_DIR; };
		D237CD0C2754E3FD00022511 /* PetDonorUITests.swift */ = {isa = PBXFileReference; lastKnownFileType = sourcecode.swift; path = PetDonorUITests.swift; sourceTree = "<group>"; };
		D237CD0E2754E3FD00022511 /* PetDonorUITestsLaunchTests.swift */ = {isa = PBXFileReference; lastKnownFileType = sourcecode.swift; path = PetDonorUITestsLaunchTests.swift; sourceTree = "<group>"; };
		D237CD2D275A02DE00022511 /* BoardTextOnlyTableViewCell.swift */ = {isa = PBXFileReference; lastKnownFileType = sourcecode.swift; path = BoardTextOnlyTableViewCell.swift; sourceTree = "<group>"; };
		D237CD2E275A02DE00022511 /* BoardTextOnlyTableViewCell.xib */ = {isa = PBXFileReference; lastKnownFileType = file.xib; path = BoardTextOnlyTableViewCell.xib; sourceTree = "<group>"; };
		D237CD422763775600022511 /* Main.storyboard */ = {isa = PBXFileReference; lastKnownFileType = file.storyboard; path = Main.storyboard; sourceTree = "<group>"; };
		D237CD452763907400022511 /* BoardViewController.swift */ = {isa = PBXFileReference; lastKnownFileType = sourcecode.swift; path = BoardViewController.swift; sourceTree = "<group>"; };
		D237CD472763C0A600022511 /* SettingsViewController.swift */ = {isa = PBXFileReference; lastKnownFileType = sourcecode.swift; path = SettingsViewController.swift; sourceTree = "<group>"; };
		D237CD492763C4A800022511 /* SettingsCityTableViewCell.swift */ = {isa = PBXFileReference; lastKnownFileType = sourcecode.swift; path = SettingsCityTableViewCell.swift; sourceTree = "<group>"; };
		D237CD4D2763C9B700022511 /* SettingsCityTableViewCell.xib */ = {isa = PBXFileReference; lastKnownFileType = file.xib; path = SettingsCityTableViewCell.xib; sourceTree = "<group>"; };
		E9C1E4FBEA15CEA1D8626564 /* Pods_PetDonorTests.framework */ = {isa = PBXFileReference; explicitFileType = wrapper.framework; includeInIndex = 0; path = Pods_PetDonorTests.framework; sourceTree = BUILT_PRODUCTS_DIR; };
/* End PBXFileReference section */

/* Begin PBXFrameworksBuildPhase section */
		D237CCE52754E3FB00022511 /* Frameworks */ = {
			isa = PBXFrameworksBuildPhase;
			buildActionMask = 2147483647;
			files = (
				A65C82CE87A319A50D862F33 /* Pods_PetDonor.framework in Frameworks */,
			);
			runOnlyForDeploymentPostprocessing = 0;
		};
		D237CCFB2754E3FC00022511 /* Frameworks */ = {
			isa = PBXFrameworksBuildPhase;
			buildActionMask = 2147483647;
			files = (
				365EB36E5DE257CCA67BB57E /* Pods_PetDonorTests.framework in Frameworks */,
			);
			runOnlyForDeploymentPostprocessing = 0;
		};
		D237CD052754E3FD00022511 /* Frameworks */ = {
			isa = PBXFrameworksBuildPhase;
			buildActionMask = 2147483647;
			files = (
				A7C5255D42EA274BA8EA3F36 /* Pods_PetDonor_PetDonorUITests.framework in Frameworks */,
			);
			runOnlyForDeploymentPostprocessing = 0;
		};
/* End PBXFrameworksBuildPhase section */

/* Begin PBXGroup section */
		309915559D41FB32D12C452D /* Frameworks */ = {
			isa = PBXGroup;
			children = (
				77BB391B164A87C9E3482F16 /* Pods_PetDonor.framework */,
				416D12317E2372066D53C729 /* Pods_PetDonor_PetDonorUITests.framework */,
				E9C1E4FBEA15CEA1D8626564 /* Pods_PetDonorTests.framework */,
			);
			name = Frameworks;
			sourceTree = "<group>";
		};
		50077378278DF968000A6FD1 /* FilterView */ = {
			isa = PBXGroup;
			children = (
				D237CD4D2763C9B700022511 /* SettingsCityTableViewCell.xib */,
				D237CD492763C4A800022511 /* SettingsCityTableViewCell.swift */,
				D237CD472763C0A600022511 /* SettingsViewController.swift */,
			);
			path = FilterView;
			sourceTree = "<group>";
		};
		500B7B5E277D145100F4736B /* Auth */ = {
			isa = PBXGroup;
			children = (
				500B7B5C277D0A4A00F4736B /* AuthView.swift */,
				5054B80327722FC300929B51 /* SignInViewController.swift */,
				5054B80527722FCD00929B51 /* SignUpViewController.swift */,
				5054B80727722FF200929B51 /* PasswordRestoreViewController.swift */,
			);
			path = Auth;
			sourceTree = "<group>";
		};
		5054B8002771F46900929B51 /* User */ = {
			isa = PBXGroup;
			children = (
				5054B8012771F47400929B51 /* UserViewController.swift */,
				500B7B5F277D16F300F4736B /* UserView.swift */,
				D2195EED2769F14B0082E63D /* New post */,
				500B7B5E277D145100F4736B /* Auth */,
			);
			path = User;
			sourceTree = "<group>";
		};
		CA5AACE64971BFDBEC414193 /* Pods */ = {
			isa = PBXGroup;
			children = (
				542F53E727D5F717BBFB5507 /* Pods-PetDonor.debug.xcconfig */,
				955A3FB3CE9DADD479181A5E /* Pods-PetDonor.release.xcconfig */,
				3CB11C1E5B9E2D13C0AA834C /* Pods-PetDonor-PetDonorUITests.debug.xcconfig */,
				4317484A7133E2D3CFA99776 /* Pods-PetDonor-PetDonorUITests.release.xcconfig */,
				AC2203A7165C7E779F3B3D82 /* Pods-PetDonorTests.debug.xcconfig */,
				98CB05893E6D7D61C5284752 /* Pods-PetDonorTests.release.xcconfig */,
			);
			path = Pods;
			sourceTree = "<group>";
		};
		D2195EED2769F14B0082E63D /* New post */ = {
			isa = PBXGroup;
			children = (
				D2195EEE2769F1690082E63D /* NewPostPetTableViewController.swift */,
				50BE8E62276CD2760099DBC7 /* CityPickerViewController.swift */,
				50AE0BE12770A44C002060EE /* NewPostPetDescriptionViewController.swift */,
			);
			indentWidth = 2;
			path = "New post";
			sourceTree = "<group>";
			usesTabs = 0;
		};
		D237CCDF2754E3FB00022511 = {
			isa = PBXGroup;
			children = (
				D237CCEA2754E3FB00022511 /* PetDonor */,
				D237CD012754E3FC00022511 /* PetDonorTests */,
				D237CD0B2754E3FD00022511 /* PetDonorUITests */,
				D237CCE92754E3FB00022511 /* Products */,
				CA5AACE64971BFDBEC414193 /* Pods */,
				309915559D41FB32D12C452D /* Frameworks */,
			);
			sourceTree = "<group>";
		};
		D237CCE92754E3FB00022511 /* Products */ = {
			isa = PBXGroup;
			children = (
				D237CCE82754E3FB00022511 /* PetDonor.app */,
				D237CCFE2754E3FC00022511 /* PetDonorTests.xctest */,
				D237CD082754E3FD00022511 /* PetDonorUITests.xctest */,
			);
			name = Products;
			sourceTree = "<group>";
		};
		D237CCEA2754E3FB00022511 /* PetDonor */ = {
			isa = PBXGroup;
			children = (
				50CC60322775D20900DF1B87 /* CollectionFlowLayout.swift */,
				5054B8002771F46900929B51 /* User */,
				D237CCEB2754E3FB00022511 /* AppDelegate.swift */,
				D237CCED2754E3FB00022511 /* SceneDelegate.swift */,
				D237CD33275F9E0800022511 /* Model */,
				D237CD26275784FF00022511 /* Views */,
				D237CD25275784E500022511 /* Main Board */,
				D237CCF42754E3FC00022511 /* Assets.xcassets */,
				D237CCF92754E3FC00022511 /* Info.plist */,
				5067D866276B989300BDFD32 /* GoogleService-Info.plist */,
			);
			path = PetDonor;
			sourceTree = "<group>";
		};
		D237CD012754E3FC00022511 /* PetDonorTests */ = {
			isa = PBXGroup;
			children = (
				D237CD022754E3FC00022511 /* PetDonorTests.swift */,
			);
			path = PetDonorTests;
			sourceTree = "<group>";
		};
		D237CD0B2754E3FD00022511 /* PetDonorUITests */ = {
			isa = PBXGroup;
			children = (
				D237CD0C2754E3FD00022511 /* PetDonorUITests.swift */,
				D237CD0E2754E3FD00022511 /* PetDonorUITestsLaunchTests.swift */,
			);
			path = PetDonorUITests;
			sourceTree = "<group>";
		};
		D237CD25275784E500022511 /* Main Board */ = {
			isa = PBXGroup;
			children = (
				D237CD452763907400022511 /* BoardViewController.swift */,
				50077379278DFAA5000A6FD1 /* PetCardViewController.swift */,
				D237CD2D275A02DE00022511 /* BoardTextOnlyTableViewCell.swift */,
				D237CD2E275A02DE00022511 /* BoardTextOnlyTableViewCell.xib */,
				50077378278DF968000A6FD1 /* FilterView */,
			);
			path = "Main Board";
			sourceTree = "<group>";
		};
		D237CD26275784FF00022511 /* Views */ = {
			isa = PBXGroup;
			children = (
				D237CD422763775600022511 /* Main.storyboard */,
				D237CCF62754E3FC00022511 /* LaunchScreen.storyboard */,
			);
			path = Views;
			sourceTree = "<group>";
		};
		D237CD33275F9E0800022511 /* Model */ = {
			isa = PBXGroup;
			children = (
				50BE8E60276CCC160099DBC7 /* CityRequestManager.swift */,
				50BE8E64276CD76E0099DBC7 /* City.swift */,
				50AE0BE52770A9B5002060EE /* Pet.swift */,
				500B7B5A277B6C5300F4736B /* PetInfo.swift */,
				50FCA6F92783266300ED6107 /* Database.swift */,
				502799982792E3D50052FB99 /* Animations.swift */,
			);
			path = Model;
			sourceTree = "<group>";
		};
/* End PBXGroup section */

/* Begin PBXNativeTarget section */
		D237CCE72754E3FB00022511 /* PetDonor */ = {
			isa = PBXNativeTarget;
			buildConfigurationList = D237CD122754E3FD00022511 /* Build configuration list for PBXNativeTarget "PetDonor" */;
			buildPhases = (
				8FE2C8FC51ED30AF2DD6B634 /* [CP] Check Pods Manifest.lock */,
				D237CCE42754E3FB00022511 /* Sources */,
				D237CCE52754E3FB00022511 /* Frameworks */,
				D237CCE62754E3FB00022511 /* Resources */,
				F7413414C1A4F3CC9160E046 /* [CP] Embed Pods Frameworks */,
			);
			buildRules = (
			);
			dependencies = (
			);
			name = PetDonor;
			productName = PetDonor;
			productReference = D237CCE82754E3FB00022511 /* PetDonor.app */;
			productType = "com.apple.product-type.application";
		};
		D237CCFD2754E3FC00022511 /* PetDonorTests */ = {
			isa = PBXNativeTarget;
			buildConfigurationList = D237CD152754E3FD00022511 /* Build configuration list for PBXNativeTarget "PetDonorTests" */;
			buildPhases = (
				9376EE928CA19C1EACEECFBA /* [CP] Check Pods Manifest.lock */,
				D237CCFA2754E3FC00022511 /* Sources */,
				D237CCFB2754E3FC00022511 /* Frameworks */,
				D237CCFC2754E3FC00022511 /* Resources */,
			);
			buildRules = (
			);
			dependencies = (
				D237CD002754E3FC00022511 /* PBXTargetDependency */,
			);
			name = PetDonorTests;
			productName = PetDonorTests;
			productReference = D237CCFE2754E3FC00022511 /* PetDonorTests.xctest */;
			productType = "com.apple.product-type.bundle.unit-test";
		};
		D237CD072754E3FD00022511 /* PetDonorUITests */ = {
			isa = PBXNativeTarget;
			buildConfigurationList = D237CD182754E3FD00022511 /* Build configuration list for PBXNativeTarget "PetDonorUITests" */;
			buildPhases = (
				1691C1759A48102F99AEF618 /* [CP] Check Pods Manifest.lock */,
				D237CD042754E3FD00022511 /* Sources */,
				D237CD052754E3FD00022511 /* Frameworks */,
				D237CD062754E3FD00022511 /* Resources */,
				3790519955F4EE4A6FC0754A /* [CP] Embed Pods Frameworks */,
			);
			buildRules = (
			);
			dependencies = (
				D237CD0A2754E3FD00022511 /* PBXTargetDependency */,
			);
			name = PetDonorUITests;
			productName = PetDonorUITests;
			productReference = D237CD082754E3FD00022511 /* PetDonorUITests.xctest */;
			productType = "com.apple.product-type.bundle.ui-testing";
		};
/* End PBXNativeTarget section */

/* Begin PBXProject section */
		D237CCE02754E3FB00022511 /* Project object */ = {
			isa = PBXProject;
			attributes = {
				BuildIndependentTargetsInParallel = 1;
				LastSwiftUpdateCheck = 1300;
				LastUpgradeCheck = 1300;
				TargetAttributes = {
					D237CCE72754E3FB00022511 = {
						CreatedOnToolsVersion = 13.0;
					};
					D237CCFD2754E3FC00022511 = {
						CreatedOnToolsVersion = 13.0;
						TestTargetID = D237CCE72754E3FB00022511;
					};
					D237CD072754E3FD00022511 = {
						CreatedOnToolsVersion = 13.0;
						TestTargetID = D237CCE72754E3FB00022511;
					};
				};
			};
			buildConfigurationList = D237CCE32754E3FB00022511 /* Build configuration list for PBXProject "PetDonor" */;
			compatibilityVersion = "Xcode 13.0";
			developmentRegion = en;
			hasScannedForEncodings = 0;
			knownRegions = (
				en,
				Base,
			);
			mainGroup = D237CCDF2754E3FB00022511;
			productRefGroup = D237CCE92754E3FB00022511 /* Products */;
			projectDirPath = "";
			projectRoot = "";
			targets = (
				D237CCE72754E3FB00022511 /* PetDonor */,
				D237CCFD2754E3FC00022511 /* PetDonorTests */,
				D237CD072754E3FD00022511 /* PetDonorUITests */,
			);
		};
/* End PBXProject section */

/* Begin PBXResourcesBuildPhase section */
		D237CCE62754E3FB00022511 /* Resources */ = {
			isa = PBXResourcesBuildPhase;
			buildActionMask = 2147483647;
			files = (
				D237CCF82754E3FC00022511 /* LaunchScreen.storyboard in Resources */,
				5067D867276B989300BDFD32 /* GoogleService-Info.plist in Resources */,
				D237CD30275A02DE00022511 /* BoardTextOnlyTableViewCell.xib in Resources */,
				D237CD4E2763C9B700022511 /* SettingsCityTableViewCell.xib in Resources */,
				D237CD432763775600022511 /* Main.storyboard in Resources */,
				D237CCF52754E3FC00022511 /* Assets.xcassets in Resources */,
			);
			runOnlyForDeploymentPostprocessing = 0;
		};
		D237CCFC2754E3FC00022511 /* Resources */ = {
			isa = PBXResourcesBuildPhase;
			buildActionMask = 2147483647;
			files = (
				5067D868276B989300BDFD32 /* GoogleService-Info.plist in Resources */,
			);
			runOnlyForDeploymentPostprocessing = 0;
		};
		D237CD062754E3FD00022511 /* Resources */ = {
			isa = PBXResourcesBuildPhase;
			buildActionMask = 2147483647;
			files = (
				5067D869276B989300BDFD32 /* GoogleService-Info.plist in Resources */,
			);
			runOnlyForDeploymentPostprocessing = 0;
		};
/* End PBXResourcesBuildPhase section */

/* Begin PBXShellScriptBuildPhase section */
		1691C1759A48102F99AEF618 /* [CP] Check Pods Manifest.lock */ = {
			isa = PBXShellScriptBuildPhase;
			buildActionMask = 2147483647;
			files = (
			);
			inputFileListPaths = (
			);
			inputPaths = (
				"${PODS_PODFILE_DIR_PATH}/Podfile.lock",
				"${PODS_ROOT}/Manifest.lock",
			);
			name = "[CP] Check Pods Manifest.lock";
			outputFileListPaths = (
			);
			outputPaths = (
				"$(DERIVED_FILE_DIR)/Pods-PetDonor-PetDonorUITests-checkManifestLockResult.txt",
			);
			runOnlyForDeploymentPostprocessing = 0;
			shellPath = /bin/sh;
			shellScript = "diff \"${PODS_PODFILE_DIR_PATH}/Podfile.lock\" \"${PODS_ROOT}/Manifest.lock\" > /dev/null\nif [ $? != 0 ] ; then\n    # print error to STDERR\n    echo \"error: The sandbox is not in sync with the Podfile.lock. Run 'pod install' or update your CocoaPods installation.\" >&2\n    exit 1\nfi\n# This output is used by Xcode 'outputs' to avoid re-running this script phase.\necho \"SUCCESS\" > \"${SCRIPT_OUTPUT_FILE_0}\"\n";
			showEnvVarsInLog = 0;
		};
		3790519955F4EE4A6FC0754A /* [CP] Embed Pods Frameworks */ = {
			isa = PBXShellScriptBuildPhase;
			buildActionMask = 2147483647;
			files = (
			);
			inputFileListPaths = (
				"${PODS_ROOT}/Target Support Files/Pods-PetDonor-PetDonorUITests/Pods-PetDonor-PetDonorUITests-frameworks-${CONFIGURATION}-input-files.xcfilelist",
			);
			name = "[CP] Embed Pods Frameworks";
			outputFileListPaths = (
				"${PODS_ROOT}/Target Support Files/Pods-PetDonor-PetDonorUITests/Pods-PetDonor-PetDonorUITests-frameworks-${CONFIGURATION}-output-files.xcfilelist",
			);
			runOnlyForDeploymentPostprocessing = 0;
			shellPath = /bin/sh;
			shellScript = "\"${PODS_ROOT}/Target Support Files/Pods-PetDonor-PetDonorUITests/Pods-PetDonor-PetDonorUITests-frameworks.sh\"\n";
			showEnvVarsInLog = 0;
		};
		8FE2C8FC51ED30AF2DD6B634 /* [CP] Check Pods Manifest.lock */ = {
			isa = PBXShellScriptBuildPhase;
			buildActionMask = 2147483647;
			files = (
			);
			inputFileListPaths = (
			);
			inputPaths = (
				"${PODS_PODFILE_DIR_PATH}/Podfile.lock",
				"${PODS_ROOT}/Manifest.lock",
			);
			name = "[CP] Check Pods Manifest.lock";
			outputFileListPaths = (
			);
			outputPaths = (
				"$(DERIVED_FILE_DIR)/Pods-PetDonor-checkManifestLockResult.txt",
			);
			runOnlyForDeploymentPostprocessing = 0;
			shellPath = /bin/sh;
			shellScript = "diff \"${PODS_PODFILE_DIR_PATH}/Podfile.lock\" \"${PODS_ROOT}/Manifest.lock\" > /dev/null\nif [ $? != 0 ] ; then\n    # print error to STDERR\n    echo \"error: The sandbox is not in sync with the Podfile.lock. Run 'pod install' or update your CocoaPods installation.\" >&2\n    exit 1\nfi\n# This output is used by Xcode 'outputs' to avoid re-running this script phase.\necho \"SUCCESS\" > \"${SCRIPT_OUTPUT_FILE_0}\"\n";
			showEnvVarsInLog = 0;
		};
		9376EE928CA19C1EACEECFBA /* [CP] Check Pods Manifest.lock */ = {
			isa = PBXShellScriptBuildPhase;
			buildActionMask = 2147483647;
			files = (
			);
			inputFileListPaths = (
			);
			inputPaths = (
				"${PODS_PODFILE_DIR_PATH}/Podfile.lock",
				"${PODS_ROOT}/Manifest.lock",
			);
			name = "[CP] Check Pods Manifest.lock";
			outputFileListPaths = (
			);
			outputPaths = (
				"$(DERIVED_FILE_DIR)/Pods-PetDonorTests-checkManifestLockResult.txt",
			);
			runOnlyForDeploymentPostprocessing = 0;
			shellPath = /bin/sh;
			shellScript = "diff \"${PODS_PODFILE_DIR_PATH}/Podfile.lock\" \"${PODS_ROOT}/Manifest.lock\" > /dev/null\nif [ $? != 0 ] ; then\n    # print error to STDERR\n    echo \"error: The sandbox is not in sync with the Podfile.lock. Run 'pod install' or update your CocoaPods installation.\" >&2\n    exit 1\nfi\n# This output is used by Xcode 'outputs' to avoid re-running this script phase.\necho \"SUCCESS\" > \"${SCRIPT_OUTPUT_FILE_0}\"\n";
			showEnvVarsInLog = 0;
		};
		F7413414C1A4F3CC9160E046 /* [CP] Embed Pods Frameworks */ = {
			isa = PBXShellScriptBuildPhase;
			buildActionMask = 2147483647;
			files = (
			);
			inputFileListPaths = (
				"${PODS_ROOT}/Target Support Files/Pods-PetDonor/Pods-PetDonor-frameworks-${CONFIGURATION}-input-files.xcfilelist",
			);
			name = "[CP] Embed Pods Frameworks";
			outputFileListPaths = (
				"${PODS_ROOT}/Target Support Files/Pods-PetDonor/Pods-PetDonor-frameworks-${CONFIGURATION}-output-files.xcfilelist",
			);
			runOnlyForDeploymentPostprocessing = 0;
			shellPath = /bin/sh;
			shellScript = "\"${PODS_ROOT}/Target Support Files/Pods-PetDonor/Pods-PetDonor-frameworks.sh\"\n";
			showEnvVarsInLog = 0;
		};
/* End PBXShellScriptBuildPhase section */

/* Begin PBXSourcesBuildPhase section */
		D237CCE42754E3FB00022511 /* Sources */ = {
			isa = PBXSourcesBuildPhase;
			buildActionMask = 2147483647;
			files = (
				5007737A278DFAA5000A6FD1 /* PetCardViewController.swift in Sources */,
				D2195EEF2769F1690082E63D /* NewPostPetTableViewController.swift in Sources */,
				D237CCEC2754E3FB00022511 /* AppDelegate.swift in Sources */,
				D237CD2F275A02DE00022511 /* BoardTextOnlyTableViewCell.swift in Sources */,
				D237CD4B2763C4A800022511 /* SettingsCityTableViewCell.swift in Sources */,
				500B7B5B277B6C5300F4736B /* PetInfo.swift in Sources */,
				D237CD462763907400022511 /* BoardViewController.swift in Sources */,
				D237CD482763C0A600022511 /* SettingsViewController.swift in Sources */,
				500B7B60277D16F300F4736B /* UserView.swift in Sources */,
				50BE8E65276CD76E0099DBC7 /* City.swift in Sources */,
				500B7B5D277D0A4A00F4736B /* AuthView.swift in Sources */,
				50CC60332775D20900DF1B87 /* CollectionFlowLayout.swift in Sources */,
				50AE0BE22770A44C002060EE /* NewPostPetDescriptionViewController.swift in Sources */,
				50FCA6FA2783266300ED6107 /* Database.swift in Sources */,
				5054B80427722FC300929B51 /* SignInViewController.swift in Sources */,
				5054B80627722FCD00929B51 /* SignUpViewController.swift in Sources */,
				D237CCEE2754E3FB00022511 /* SceneDelegate.swift in Sources */,
				50AE0BE62770A9B5002060EE /* Pet.swift in Sources */,
				5054B8022771F47400929B51 /* UserViewController.swift in Sources */,
				50BE8E61276CCC160099DBC7 /* CityRequestManager.swift in Sources */,
				50BE8E63276CD2760099DBC7 /* CityPickerViewController.swift in Sources */,
				5054B80827722FF200929B51 /* PasswordRestoreViewController.swift in Sources */,
				502799992792E3D50052FB99 /* Animations.swift in Sources */,
			);
			runOnlyForDeploymentPostprocessing = 0;
		};
		D237CCFA2754E3FC00022511 /* Sources */ = {
			isa = PBXSourcesBuildPhase;
			buildActionMask = 2147483647;
			files = (
				D237CD032754E3FC00022511 /* PetDonorTests.swift in Sources */,
			);
			runOnlyForDeploymentPostprocessing = 0;
		};
		D237CD042754E3FD00022511 /* Sources */ = {
			isa = PBXSourcesBuildPhase;
			buildActionMask = 2147483647;
			files = (
				D237CD0F2754E3FD00022511 /* PetDonorUITestsLaunchTests.swift in Sources */,
				D237CD0D2754E3FD00022511 /* PetDonorUITests.swift in Sources */,
			);
			runOnlyForDeploymentPostprocessing = 0;
		};
/* End PBXSourcesBuildPhase section */

/* Begin PBXTargetDependency section */
		D237CD002754E3FC00022511 /* PBXTargetDependency */ = {
			isa = PBXTargetDependency;
			target = D237CCE72754E3FB00022511 /* PetDonor */;
			targetProxy = D237CCFF2754E3FC00022511 /* PBXContainerItemProxy */;
		};
		D237CD0A2754E3FD00022511 /* PBXTargetDependency */ = {
			isa = PBXTargetDependency;
			target = D237CCE72754E3FB00022511 /* PetDonor */;
			targetProxy = D237CD092754E3FD00022511 /* PBXContainerItemProxy */;
		};
/* End PBXTargetDependency section */

/* Begin PBXVariantGroup section */
		D237CCF62754E3FC00022511 /* LaunchScreen.storyboard */ = {
			isa = PBXVariantGroup;
			children = (
				D237CCF72754E3FC00022511 /* Base */,
			);
			name = LaunchScreen.storyboard;
			sourceTree = "<group>";
		};
/* End PBXVariantGroup section */

/* Begin XCBuildConfiguration section */
		D237CD102754E3FD00022511 /* Debug */ = {
			isa = XCBuildConfiguration;
			buildSettings = {
				ALWAYS_SEARCH_USER_PATHS = NO;
				CLANG_ANALYZER_NONNULL = YES;
				CLANG_ANALYZER_NUMBER_OBJECT_CONVERSION = YES_AGGRESSIVE;
				CLANG_CXX_LANGUAGE_STANDARD = "gnu++17";
				CLANG_CXX_LIBRARY = "libc++";
				CLANG_ENABLE_MODULES = YES;
				CLANG_ENABLE_OBJC_ARC = YES;
				CLANG_ENABLE_OBJC_WEAK = YES;
				CLANG_WARN_BLOCK_CAPTURE_AUTORELEASING = YES;
				CLANG_WARN_BOOL_CONVERSION = YES;
				CLANG_WARN_COMMA = YES;
				CLANG_WARN_CONSTANT_CONVERSION = YES;
				CLANG_WARN_DEPRECATED_OBJC_IMPLEMENTATIONS = YES;
				CLANG_WARN_DIRECT_OBJC_ISA_USAGE = YES_ERROR;
				CLANG_WARN_DOCUMENTATION_COMMENTS = YES;
				CLANG_WARN_EMPTY_BODY = YES;
				CLANG_WARN_ENUM_CONVERSION = YES;
				CLANG_WARN_INFINITE_RECURSION = YES;
				CLANG_WARN_INT_CONVERSION = YES;
				CLANG_WARN_NON_LITERAL_NULL_CONVERSION = YES;
				CLANG_WARN_OBJC_IMPLICIT_RETAIN_SELF = YES;
				CLANG_WARN_OBJC_LITERAL_CONVERSION = YES;
				CLANG_WARN_OBJC_ROOT_CLASS = YES_ERROR;
				CLANG_WARN_QUOTED_INCLUDE_IN_FRAMEWORK_HEADER = YES;
				CLANG_WARN_RANGE_LOOP_ANALYSIS = YES;
				CLANG_WARN_STRICT_PROTOTYPES = YES;
				CLANG_WARN_SUSPICIOUS_MOVE = YES;
				CLANG_WARN_UNGUARDED_AVAILABILITY = YES_AGGRESSIVE;
				CLANG_WARN_UNREACHABLE_CODE = YES;
				CLANG_WARN__DUPLICATE_METHOD_MATCH = YES;
				COPY_PHASE_STRIP = NO;
				DEBUG_INFORMATION_FORMAT = dwarf;
				ENABLE_STRICT_OBJC_MSGSEND = YES;
				ENABLE_TESTABILITY = YES;
				GCC_C_LANGUAGE_STANDARD = gnu11;
				GCC_DYNAMIC_NO_PIC = NO;
				GCC_NO_COMMON_BLOCKS = YES;
				GCC_OPTIMIZATION_LEVEL = 0;
				GCC_PREPROCESSOR_DEFINITIONS = (
					"DEBUG=1",
					"$(inherited)",
				);
				GCC_WARN_64_TO_32_BIT_CONVERSION = YES;
				GCC_WARN_ABOUT_RETURN_TYPE = YES_ERROR;
				GCC_WARN_UNDECLARED_SELECTOR = YES;
				GCC_WARN_UNINITIALIZED_AUTOS = YES_AGGRESSIVE;
				GCC_WARN_UNUSED_FUNCTION = YES;
				GCC_WARN_UNUSED_VARIABLE = YES;
				IPHONEOS_DEPLOYMENT_TARGET = 15.0;
				MTL_ENABLE_DEBUG_INFO = INCLUDE_SOURCE;
				MTL_FAST_MATH = YES;
				ONLY_ACTIVE_ARCH = YES;
				SDKROOT = iphoneos;
				SWIFT_ACTIVE_COMPILATION_CONDITIONS = DEBUG;
				SWIFT_OPTIMIZATION_LEVEL = "-Onone";
			};
			name = Debug;
		};
		D237CD112754E3FD00022511 /* Release */ = {
			isa = XCBuildConfiguration;
			buildSettings = {
				ALWAYS_SEARCH_USER_PATHS = NO;
				CLANG_ANALYZER_NONNULL = YES;
				CLANG_ANALYZER_NUMBER_OBJECT_CONVERSION = YES_AGGRESSIVE;
				CLANG_CXX_LANGUAGE_STANDARD = "gnu++17";
				CLANG_CXX_LIBRARY = "libc++";
				CLANG_ENABLE_MODULES = YES;
				CLANG_ENABLE_OBJC_ARC = YES;
				CLANG_ENABLE_OBJC_WEAK = YES;
				CLANG_WARN_BLOCK_CAPTURE_AUTORELEASING = YES;
				CLANG_WARN_BOOL_CONVERSION = YES;
				CLANG_WARN_COMMA = YES;
				CLANG_WARN_CONSTANT_CONVERSION = YES;
				CLANG_WARN_DEPRECATED_OBJC_IMPLEMENTATIONS = YES;
				CLANG_WARN_DIRECT_OBJC_ISA_USAGE = YES_ERROR;
				CLANG_WARN_DOCUMENTATION_COMMENTS = YES;
				CLANG_WARN_EMPTY_BODY = YES;
				CLANG_WARN_ENUM_CONVERSION = YES;
				CLANG_WARN_INFINITE_RECURSION = YES;
				CLANG_WARN_INT_CONVERSION = YES;
				CLANG_WARN_NON_LITERAL_NULL_CONVERSION = YES;
				CLANG_WARN_OBJC_IMPLICIT_RETAIN_SELF = YES;
				CLANG_WARN_OBJC_LITERAL_CONVERSION = YES;
				CLANG_WARN_OBJC_ROOT_CLASS = YES_ERROR;
				CLANG_WARN_QUOTED_INCLUDE_IN_FRAMEWORK_HEADER = YES;
				CLANG_WARN_RANGE_LOOP_ANALYSIS = YES;
				CLANG_WARN_STRICT_PROTOTYPES = YES;
				CLANG_WARN_SUSPICIOUS_MOVE = YES;
				CLANG_WARN_UNGUARDED_AVAILABILITY = YES_AGGRESSIVE;
				CLANG_WARN_UNREACHABLE_CODE = YES;
				CLANG_WARN__DUPLICATE_METHOD_MATCH = YES;
				COPY_PHASE_STRIP = NO;
				DEBUG_INFORMATION_FORMAT = "dwarf-with-dsym";
				ENABLE_NS_ASSERTIONS = NO;
				ENABLE_STRICT_OBJC_MSGSEND = YES;
				GCC_C_LANGUAGE_STANDARD = gnu11;
				GCC_NO_COMMON_BLOCKS = YES;
				GCC_WARN_64_TO_32_BIT_CONVERSION = YES;
				GCC_WARN_ABOUT_RETURN_TYPE = YES_ERROR;
				GCC_WARN_UNDECLARED_SELECTOR = YES;
				GCC_WARN_UNINITIALIZED_AUTOS = YES_AGGRESSIVE;
				GCC_WARN_UNUSED_FUNCTION = YES;
				GCC_WARN_UNUSED_VARIABLE = YES;
				IPHONEOS_DEPLOYMENT_TARGET = 15.0;
				MTL_ENABLE_DEBUG_INFO = NO;
				MTL_FAST_MATH = YES;
				SDKROOT = iphoneos;
				SWIFT_COMPILATION_MODE = wholemodule;
				SWIFT_OPTIMIZATION_LEVEL = "-O";
				VALIDATE_PRODUCT = YES;
			};
			name = Release;
		};
		D237CD132754E3FD00022511 /* Debug */ = {
			isa = XCBuildConfiguration;
			baseConfigurationReference = 542F53E727D5F717BBFB5507 /* Pods-PetDonor.debug.xcconfig */;
			buildSettings = {
				ASSETCATALOG_COMPILER_APPICON_NAME = AppIcon;
				ASSETCATALOG_COMPILER_GLOBAL_ACCENT_COLOR_NAME = AccentColor;
				CODE_SIGN_STYLE = Automatic;
				CURRENT_PROJECT_VERSION = 1;
				DEVELOPMENT_TEAM = 6J7BMHDBAB;
				GENERATE_INFOPLIST_FILE = YES;
				INFOPLIST_FILE = PetDonor/Info.plist;
				INFOPLIST_KEY_UIApplicationSupportsIndirectInputEvents = YES;
				INFOPLIST_KEY_UILaunchStoryboardName = LaunchScreen;
				INFOPLIST_KEY_UIMainStoryboardFile = Main;
				INFOPLIST_KEY_UISupportedInterfaceOrientations_iPad = "UIInterfaceOrientationPortrait UIInterfaceOrientationPortraitUpsideDown UIInterfaceOrientationLandscapeLeft UIInterfaceOrientationLandscapeRight";
				INFOPLIST_KEY_UISupportedInterfaceOrientations_iPhone = "UIInterfaceOrientationPortrait UIInterfaceOrientationLandscapeLeft UIInterfaceOrientationLandscapeRight";
				LD_RUNPATH_SEARCH_PATHS = (
					"$(inherited)",
					"@executable_path/Frameworks",
				);
				MARKETING_VERSION = 1.0;
				PRODUCT_BUNDLE_IDENTIFIER = com.shashkov.PetDonor;
				PRODUCT_NAME = "$(TARGET_NAME)";
				SWIFT_EMIT_LOC_STRINGS = YES;
				SWIFT_VERSION = 5.0;
				TARGETED_DEVICE_FAMILY = "1,2";
			};
			name = Debug;
		};
		D237CD142754E3FD00022511 /* Release */ = {
			isa = XCBuildConfiguration;
			baseConfigurationReference = 955A3FB3CE9DADD479181A5E /* Pods-PetDonor.release.xcconfig */;
			buildSettings = {
				ASSETCATALOG_COMPILER_APPICON_NAME = AppIcon;
				ASSETCATALOG_COMPILER_GLOBAL_ACCENT_COLOR_NAME = AccentColor;
				CODE_SIGN_STYLE = Automatic;
				CURRENT_PROJECT_VERSION = 1;
				DEVELOPMENT_TEAM = 6J7BMHDBAB;
				GENERATE_INFOPLIST_FILE = YES;
				INFOPLIST_FILE = PetDonor/Info.plist;
				INFOPLIST_KEY_UIApplicationSupportsIndirectInputEvents = YES;
				INFOPLIST_KEY_UILaunchStoryboardName = LaunchScreen;
				INFOPLIST_KEY_UIMainStoryboardFile = Main;
				INFOPLIST_KEY_UISupportedInterfaceOrientations_iPad = "UIInterfaceOrientationPortrait UIInterfaceOrientationPortraitUpsideDown UIInterfaceOrientationLandscapeLeft UIInterfaceOrientationLandscapeRight";
				INFOPLIST_KEY_UISupportedInterfaceOrientations_iPhone = "UIInterfaceOrientationPortrait UIInterfaceOrientationLandscapeLeft UIInterfaceOrientationLandscapeRight";
				LD_RUNPATH_SEARCH_PATHS = (
					"$(inherited)",
					"@executable_path/Frameworks",
				);
				MARKETING_VERSION = 1.0;
				PRODUCT_BUNDLE_IDENTIFIER = com.shashkov.PetDonor;
				PRODUCT_NAME = "$(TARGET_NAME)";
				SWIFT_EMIT_LOC_STRINGS = YES;
				SWIFT_VERSION = 5.0;
				TARGETED_DEVICE_FAMILY = "1,2";
			};
			name = Release;
		};
		D237CD162754E3FD00022511 /* Debug */ = {
			isa = XCBuildConfiguration;
			baseConfigurationReference = AC2203A7165C7E779F3B3D82 /* Pods-PetDonorTests.debug.xcconfig */;
			buildSettings = {
				ALWAYS_EMBED_SWIFT_STANDARD_LIBRARIES = YES;
				BUNDLE_LOADER = "$(TEST_HOST)";
				CODE_SIGN_STYLE = Automatic;
				CURRENT_PROJECT_VERSION = 1;
				DEVELOPMENT_TEAM = 6J7BMHDBAB;
				GENERATE_INFOPLIST_FILE = YES;
				IPHONEOS_DEPLOYMENT_TARGET = 15.0;
				LD_RUNPATH_SEARCH_PATHS = (
					"$(inherited)",
					"@executable_path/Frameworks",
					"@loader_path/Frameworks",
				);
				MARKETING_VERSION = 1.0;
				PRODUCT_BUNDLE_IDENTIFIER = com.shashkov.PetDonorTests;
				PRODUCT_NAME = "$(TARGET_NAME)";
				SWIFT_EMIT_LOC_STRINGS = NO;
				SWIFT_VERSION = 5.0;
				TARGETED_DEVICE_FAMILY = "1,2";
				TEST_HOST = "$(BUILT_PRODUCTS_DIR)/PetDonor.app/PetDonor";
			};
			name = Debug;
		};
		D237CD172754E3FD00022511 /* Release */ = {
			isa = XCBuildConfiguration;
			baseConfigurationReference = 98CB05893E6D7D61C5284752 /* Pods-PetDonorTests.release.xcconfig */;
			buildSettings = {
				ALWAYS_EMBED_SWIFT_STANDARD_LIBRARIES = YES;
				BUNDLE_LOADER = "$(TEST_HOST)";
				CODE_SIGN_STYLE = Automatic;
				CURRENT_PROJECT_VERSION = 1;
				DEVELOPMENT_TEAM = 6J7BMHDBAB;
				GENERATE_INFOPLIST_FILE = YES;
				IPHONEOS_DEPLOYMENT_TARGET = 15.0;
				LD_RUNPATH_SEARCH_PATHS = (
					"$(inherited)",
					"@executable_path/Frameworks",
					"@loader_path/Frameworks",
				);
				MARKETING_VERSION = 1.0;
				PRODUCT_BUNDLE_IDENTIFIER = com.shashkov.PetDonorTests;
				PRODUCT_NAME = "$(TARGET_NAME)";
				SWIFT_EMIT_LOC_STRINGS = NO;
				SWIFT_VERSION = 5.0;
				TARGETED_DEVICE_FAMILY = "1,2";
				TEST_HOST = "$(BUILT_PRODUCTS_DIR)/PetDonor.app/PetDonor";
			};
			name = Release;
		};
		D237CD192754E3FD00022511 /* Debug */ = {
			isa = XCBuildConfiguration;
			baseConfigurationReference = 3CB11C1E5B9E2D13C0AA834C /* Pods-PetDonor-PetDonorUITests.debug.xcconfig */;
			buildSettings = {
				ALWAYS_EMBED_SWIFT_STANDARD_LIBRARIES = YES;
				CODE_SIGN_STYLE = Automatic;
				CURRENT_PROJECT_VERSION = 1;
				DEVELOPMENT_TEAM = 6J7BMHDBAB;
				GENERATE_INFOPLIST_FILE = YES;
				LD_RUNPATH_SEARCH_PATHS = (
					"$(inherited)",
					"@executable_path/Frameworks",
					"@loader_path/Frameworks",
				);
				MARKETING_VERSION = 1.0;
				PRODUCT_BUNDLE_IDENTIFIER = com.shashkov.PetDonorUITests;
				PRODUCT_NAME = "$(TARGET_NAME)";
				SWIFT_EMIT_LOC_STRINGS = NO;
				SWIFT_VERSION = 5.0;
				TARGETED_DEVICE_FAMILY = "1,2";
				TEST_TARGET_NAME = PetDonor;
			};
			name = Debug;
		};
		D237CD1A2754E3FD00022511 /* Release */ = {
			isa = XCBuildConfiguration;
			baseConfigurationReference = 4317484A7133E2D3CFA99776 /* Pods-PetDonor-PetDonorUITests.release.xcconfig */;
			buildSettings = {
				ALWAYS_EMBED_SWIFT_STANDARD_LIBRARIES = YES;
				CODE_SIGN_STYLE = Automatic;
				CURRENT_PROJECT_VERSION = 1;
				DEVELOPMENT_TEAM = 6J7BMHDBAB;
				GENERATE_INFOPLIST_FILE = YES;
				LD_RUNPATH_SEARCH_PATHS = (
					"$(inherited)",
					"@executable_path/Frameworks",
					"@loader_path/Frameworks",
				);
				MARKETING_VERSION = 1.0;
				PRODUCT_BUNDLE_IDENTIFIER = com.shashkov.PetDonorUITests;
				PRODUCT_NAME = "$(TARGET_NAME)";
				SWIFT_EMIT_LOC_STRINGS = NO;
				SWIFT_VERSION = 5.0;
				TARGETED_DEVICE_FAMILY = "1,2";
				TEST_TARGET_NAME = PetDonor;
			};
			name = Release;
		};
/* End XCBuildConfiguration section */

/* Begin XCConfigurationList section */
		D237CCE32754E3FB00022511 /* Build configuration list for PBXProject "PetDonor" */ = {
			isa = XCConfigurationList;
			buildConfigurations = (
				D237CD102754E3FD00022511 /* Debug */,
				D237CD112754E3FD00022511 /* Release */,
			);
			defaultConfigurationIsVisible = 0;
			defaultConfigurationName = Release;
		};
		D237CD122754E3FD00022511 /* Build configuration list for PBXNativeTarget "PetDonor" */ = {
			isa = XCConfigurationList;
			buildConfigurations = (
				D237CD132754E3FD00022511 /* Debug */,
				D237CD142754E3FD00022511 /* Release */,
			);
			defaultConfigurationIsVisible = 0;
			defaultConfigurationName = Release;
		};
		D237CD152754E3FD00022511 /* Build configuration list for PBXNativeTarget "PetDonorTests" */ = {
			isa = XCConfigurationList;
			buildConfigurations = (
				D237CD162754E3FD00022511 /* Debug */,
				D237CD172754E3FD00022511 /* Release */,
			);
			defaultConfigurationIsVisible = 0;
			defaultConfigurationName = Release;
		};
		D237CD182754E3FD00022511 /* Build configuration list for PBXNativeTarget "PetDonorUITests" */ = {
			isa = XCConfigurationList;
			buildConfigurations = (
				D237CD192754E3FD00022511 /* Debug */,
				D237CD1A2754E3FD00022511 /* Release */,
			);
			defaultConfigurationIsVisible = 0;
			defaultConfigurationName = Release;
		};
/* End XCConfigurationList section */
	};
	rootObject = D237CCE02754E3FB00022511 /* Project object */;
}
